// !$*UTF8*$!
{
	archiveVersion = 1;
	classes = {
	};
	objectVersion = 56;
	objects = {

/* Begin PBXFileReference section */
		60F29129299472220029087B /* plist */ = {isa = PBXFileReference; lastKnownFileType = folder; path = plist; sourceTree = "<group>"; };
		60F2912A299472220029087B /* img4tool.hpp */ = {isa = PBXFileReference; lastKnownFileType = sourcecode.cpp.h; path = img4tool.hpp; sourceTree = "<group>"; };
		60F2912C299472220029087B /* img4tool.hpp.in */ = {isa = PBXFileReference; lastKnownFileType = text; path = img4tool.hpp.in; sourceTree = "<group>"; };
		60F2912D299472220029087B /* ASN1DERElement.cpp */ = {isa = PBXFileReference; lastKnownFileType = sourcecode.cpp.cpp; path = ASN1DERElement.cpp; sourceTree = "<group>"; };
		60F2912E299472220029087B /* lzssdec.c */ = {isa = PBXFileReference; lastKnownFileType = sourcecode.c.c; path = lzssdec.c; sourceTree = "<group>"; };
		60F2912F299472220029087B /* Makefile.am */ = {isa = PBXFileReference; lastKnownFileType = text; path = Makefile.am; sourceTree = "<group>"; };
		60F29130299472220029087B /* ASN1DERElement.hpp */ = {isa = PBXFileReference; lastKnownFileType = sourcecode.cpp.h; path = ASN1DERElement.hpp; sourceTree = "<group>"; };
		60F29131299472220029087B /* img4tool.cpp */ = {isa = PBXFileReference; lastKnownFileType = sourcecode.cpp.cpp; path = img4tool.cpp; sourceTree = "<group>"; };
		60F29133299472220029087B /* lzssdec.h */ = {isa = PBXFileReference; lastKnownFileType = sourcecode.c.h; path = lzssdec.h; sourceTree = "<group>"; };
/* End PBXFileReference section */

/* Begin PBXGroup section */
		60F29123299472220029087B = {
			isa = PBXGroup;
			children = (
				60F2912D299472220029087B /* ASN1DERElement.cpp */,
				60F29130299472220029087B /* ASN1DERElement.hpp */,
				60F29131299472220029087B /* img4tool.cpp */,
				60F2912A299472220029087B /* img4tool.hpp */,
				60F2912C299472220029087B /* img4tool.hpp.in */,
				60F2912E299472220029087B /* lzssdec.c */,
				60F29133299472220029087B /* lzssdec.h */,
				60F2912F299472220029087B /* Makefile.am */,
				60F29129299472220029087B /* plist */,
			);
			sourceTree = "<group>";
		};
/* End PBXGroup section */

/* Begin PBXLegacyTarget section */
		60F29128299472220029087B /* img4tool */ = {
			isa = PBXLegacyTarget;
			buildArgumentsString = "$(ACTION)";
			buildConfigurationList = 60F29134299472220029087B /* Build configuration list for PBXLegacyTarget "img4tool" */;
			buildPhases = (
			);
			buildToolPath = /usr/bin/make;
			buildWorkingDirectory = /Users/shogunpwned/Downloads/GitHub/ricklantistherickestofricks/Th0r_Freya/FREYA/Freya/lib/img4me/img4tool;
			dependencies = (
			);
			name = img4tool;
			passBuildSettingsInEnvironment = 1;
			productName = img4tool;
		};
/* End PBXLegacyTarget section */

/* Begin PBXProject section */
		60F29124299472220029087B /* Project object */ = {
			isa = PBXProject;
			attributes = {
				BuildIndependentTargetsInParallel = 1;
			};
			buildConfigurationList = 60F29127299472220029087B /* Build configuration list for PBXProject "img4tool" */;
			compatibilityVersion = "Xcode 14.0";
			developmentRegion = en;
			hasScannedForEncodings = 0;
			knownRegions = (
				en,
				Base,
			);
			mainGroup = 60F29123299472220029087B;
			projectDirPath = "";
			projectRoot = "";
			targets = (
				60F29128299472220029087B /* img4tool */,
			);
		};
/* End PBXProject section */

/* Begin XCBuildConfiguration section */
		60F29125299472220029087B /* Debug */ = {
			isa = XCBuildConfiguration;
			buildSettings = {
				ARCHS = "$(ARCHS_STANDARD_32_BIT)";
				COPY_PHASE_STRIP = NO;
				GCC_WARN_ABOUT_RETURN_TYPE = YES;
				GCC_WARN_UNUSED_VARIABLE = YES;
				ONLY_ACTIVE_ARCH = YES;
				SDKROOT = "";
			};
			name = Debug;
		};
		60F29126299472220029087B /* Release */ = {
			isa = XCBuildConfiguration;
			buildSettings = {
				ARCHS = "$(ARCHS_STANDARD_32_BIT)";
				COPY_PHASE_STRIP = YES;
				GCC_WARN_ABOUT_RETURN_TYPE = YES;
				GCC_WARN_UNUSED_VARIABLE = YES;
				SDKROOT = "";
			};
			name = Release;
		};
		60F29135299472220029087B /* Debug */ = {
			isa = XCBuildConfiguration;
			buildSettings = {
				ARCHS = "$(ARCHS_STANDARD)";
				COPY_PHASE_STRIP = NO;
				DEBUGGING_SYMBOLS = YES;
				GCC_DYNAMIC_NO_PIC = NO;
				GCC_ENABLE_FIX_AND_CONTINUE = YES;
				GCC_GENERATE_DEBUGGING_SYMBOLS = YES;
				GCC_OPTIMIZATION_LEVEL = 0;
				OTHER_CFLAGS = "";
				OTHER_LDFLAGS = "";
				PRODUCT_NAME = img4tool;
			};
			name = Debug;
		};
		60F29136299472220029087B /* Release */ = {
			isa = XCBuildConfiguration;
			buildSettings = {
				ARCHS = "$(ARCHS_STANDARD)";
				COPY_PHASE_STRIP = YES;
				DEBUG_INFORMATION_FORMAT = "dwarf-with-dsym";
				GCC_ENABLE_FIX_AND_CONTINUE = NO;
				OTHER_CFLAGS = "";
				OTHER_LDFLAGS = "";
				PRODUCT_NAME = img4tool;
			};
			name = Release;
		};
/* End XCBuildConfiguration section */

/* Begin XCConfigurationList section */
		60F29127299472220029087B /* Build configuration list for PBXProject "img4tool" */ = {
			isa = XCConfigurationList;
			buildConfigurations = (
				60F29125299472220029087B /* Debug */,
				60F29126299472220029087B /* Release */,
			);
			defaultConfigurationIsVisible = 0;
			defaultConfigurationName = Release;
		};
		60F29134299472220029087B /* Build configuration list for PBXLegacyTarget "img4tool" */ = {
			isa = XCConfigurationList;
			buildConfigurations = (
				60F29135299472220029087B /* Debug */,
				60F29136299472220029087B /* Release */,
			);
			defaultConfigurationIsVisible = 0;
			defaultConfigurationName = Release;
		};
/* End XCConfigurationList section */
	};
	rootObject = 60F29124299472220029087B /* Project object */;
}
