// !$*UTF8*$!
{
	archiveVersion = 1;
	classes = {
	};
	objectVersion = 51;
	objects = {

/* Begin PBXBuildFile section */
		4F14C7B42834082700D03B72 /* post_exploit.m in Sources */ = {isa = PBXBuildFile; fileRef = 4F14C7B32834082700D03B72 /* post_exploit.m */; };
		8850DDEA229AF1E000D18B83 /* LaunchScreen.storyboard in Resources */ = {isa = PBXBuildFile; fileRef = 8850DDE9229AF1E000D18B83 /* LaunchScreen.storyboard */; };
		88E01545228B629A00F9E519 /* voucher_swap.c in Sources */ = {isa = PBXBuildFile; fileRef = 88E01537228B629A00F9E519 /* voucher_swap.c */; };
		88EFC47B228369E8005FA5BB /* IOKit.framework in Frameworks */ = {isa = PBXBuildFile; fileRef = 88EFC47A228369E8005FA5BB /* IOKit.framework */; };
		901F1E8E22B6B5FD00D9A390 /* SF-Pro-Rounded-Black.otf in Resources */ = {isa = PBXBuildFile; fileRef = 901F1E8122B6B5FC00D9A390 /* SF-Pro-Rounded-Black.otf */; };
		901F1E8F22B6B5FD00D9A390 /* SF-Pro-Display-ThinItalic.otf in Resources */ = {isa = PBXBuildFile; fileRef = 901F1E8222B6B5FC00D9A390 /* SF-Pro-Display-ThinItalic.otf */; };
		901F1E9022B6B5FD00D9A390 /* SF-Pro-Display-Ultralight.otf in Resources */ = {isa = PBXBuildFile; fileRef = 901F1E8322B6B5FC00D9A390 /* SF-Pro-Display-Ultralight.otf */; };
		901F1E9122B6B5FD00D9A390 /* SF-Pro-Rounded-Heavy.otf in Resources */ = {isa = PBXBuildFile; fileRef = 901F1E8422B6B5FC00D9A390 /* SF-Pro-Rounded-Heavy.otf */; };
		901F1E9222B6B5FD00D9A390 /* SF-Pro-Rounded-Semibold.otf in Resources */ = {isa = PBXBuildFile; fileRef = 901F1E8522B6B5FC00D9A390 /* SF-Pro-Rounded-Semibold.otf */; };
		901F1E9322B6B5FD00D9A390 /* SF-Pro-Rounded-Medium.otf in Resources */ = {isa = PBXBuildFile; fileRef = 901F1E8622B6B5FC00D9A390 /* SF-Pro-Rounded-Medium.otf */; };
		901F1E9422B6B5FD00D9A390 /* SF-Pro-Rounded-Ultralight.otf in Resources */ = {isa = PBXBuildFile; fileRef = 901F1E8722B6B5FC00D9A390 /* SF-Pro-Rounded-Ultralight.otf */; };
		901F1E9522B6B5FD00D9A390 /* SF-Pro-Rounded-Bold.otf in Resources */ = {isa = PBXBuildFile; fileRef = 901F1E8822B6B5FC00D9A390 /* SF-Pro-Rounded-Bold.otf */; };
		901F1E9622B6B5FD00D9A390 /* SF-Pro-Rounded-Light.otf in Resources */ = {isa = PBXBuildFile; fileRef = 901F1E8922B6B5FC00D9A390 /* SF-Pro-Rounded-Light.otf */; };
		901F1E9722B6B5FD00D9A390 /* SF-Pro-Rounded-Regular.otf in Resources */ = {isa = PBXBuildFile; fileRef = 901F1E8A22B6B5FC00D9A390 /* SF-Pro-Rounded-Regular.otf */; };
		901F1E9822B6B5FD00D9A390 /* SF-Pro-Rounded-Thin.otf in Resources */ = {isa = PBXBuildFile; fileRef = 901F1E8B22B6B5FC00D9A390 /* SF-Pro-Rounded-Thin.otf */; };
		901F1E9922B6B5FD00D9A390 /* SF-Pro-Display-Thin.otf in Resources */ = {isa = PBXBuildFile; fileRef = 901F1E8C22B6B5FC00D9A390 /* SF-Pro-Display-Thin.otf */; };
		901F1E9A22B6B5FD00D9A390 /* SF-Pro-Display-UltralightItalic.otf in Resources */ = {isa = PBXBuildFile; fileRef = 901F1E8D22B6B5FD00D9A390 /* SF-Pro-Display-UltralightItalic.otf */; };
		B8268669228760C90062035C /* bootstrap in Resources */ = {isa = PBXBuildFile; fileRef = B8268668228760C90062035C /* bootstrap */; };
		B862F49F22C8261F003B79E6 /* SettingsViewController.m in Sources */ = {isa = PBXBuildFile; fileRef = B862F49E22C8261F003B79E6 /* SettingsViewController.m */; };
		B866F3CE228B7A7200616377 /* machswap2.m in Sources */ = {isa = PBXBuildFile; fileRef = B866F3CC228B7A7200616377 /* machswap2.m */; };
		B872296A230A2D2000440993 /* cpBootHash.c in Sources */ = {isa = PBXBuildFile; fileRef = B8722968230A2D2000440993 /* cpBootHash.c */; };
		B89BAA1322826A9F00964B6F /* AppDelegate.m in Sources */ = {isa = PBXBuildFile; fileRef = B89BAA1222826A9F00964B6F /* AppDelegate.m */; };
		B89BAA1622826A9F00964B6F /* ViewController.m in Sources */ = {isa = PBXBuildFile; fileRef = B89BAA1522826A9F00964B6F /* ViewController.m */; };
		B89BAA1922826A9F00964B6F /* Main.storyboard in Resources */ = {isa = PBXBuildFile; fileRef = B89BAA1722826A9F00964B6F /* Main.storyboard */; };
		B89BAA1B22826AA000964B6F /* Assets.xcassets in Resources */ = {isa = PBXBuildFile; fileRef = B89BAA1A22826AA000964B6F /* Assets.xcassets */; };
		B89BAA2122826AA000964B6F /* main.m in Sources */ = {isa = PBXBuildFile; fileRef = B89BAA2022826AA000964B6F /* main.m */; };
		B8B3F9952283B36E000E8427 /* KernelUtils.c in Sources */ = {isa = PBXBuildFile; fileRef = B8B3F9932283B36E000E8427 /* KernelUtils.c */; };
		B8C0B7FE22837D990030AE1E /* machswap.m in Sources */ = {isa = PBXBuildFile; fileRef = B8C0B7FC22837D990030AE1E /* machswap.m */; };
		B8C0B80222837DDD0030AE1E /* ms_offs.m in Sources */ = {isa = PBXBuildFile; fileRef = B8C0B80022837DDD0030AE1E /* ms_offs.m */; };
		B8C0B80A228385DA0030AE1E /* ImportantHolders.c in Sources */ = {isa = PBXBuildFile; fileRef = B8C0B808228385DA0030AE1E /* ImportantHolders.c */; };
		B8D6CFF022D8DCC800437880 /* shenanigans.m in Sources */ = {isa = PBXBuildFile; fileRef = B8D6CFEE22D8DCC800437880 /* shenanigans.m */; };
		B8E7D08A22E3B75C00D1D85F /* exploit.c in Sources */ = {isa = PBXBuildFile; fileRef = B8E7D08822E3B75C00D1D85F /* exploit.c */; };
		B8E7D08D22E3B79300D1D85F /* exploit_utilities.c in Sources */ = {isa = PBXBuildFile; fileRef = B8E7D08B22E3B79300D1D85F /* exploit_utilities.c */; };
		B8E7D09022E3B7B900D1D85F /* iosurface.c in Sources */ = {isa = PBXBuildFile; fileRef = B8E7D08E22E3B7B900D1D85F /* iosurface.c */; };
		B8E8A9BA22891CE00049F87D /* insert_dylib.c in Sources */ = {isa = PBXBuildFile; fileRef = B8E8A9B822891CE00049F87D /* insert_dylib.c */; };
		B8FB44F22284F3F700CEDF47 /* libmis.tbd in Frameworks */ = {isa = PBXBuildFile; fileRef = B8FB44F12284F3F700CEDF47 /* libmis.tbd */; };
		B8FB44FB2284F76100CEDF47 /* libarchive.tbd in Frameworks */ = {isa = PBXBuildFile; fileRef = B8FB44F72284F70A00CEDF47 /* libarchive.tbd */; };
		F784120427E4724F00D1A7CC /* TH0R12icon.jpg in Resources */ = {isa = PBXBuildFile; fileRef = F784120327E4724F00D1A7CC /* TH0R12icon.jpg */; };
		F785C79027E3B9C800BBC4D0 /* utilsZS.m in Sources */ = {isa = PBXBuildFile; fileRef = F785C78C27E3B9C800BBC4D0 /* utilsZS.m */; };
		F7A70C3B27F65C4700839E5E /* PFOffs.c in Sources */ = {isa = PBXBuildFile; fileRef = F7A70BEC27F65C4700839E5E /* PFOffs.c */; };
		F7A70C3C27F65C4700839E5E /* OSObj.c in Sources */ = {isa = PBXBuildFile; fileRef = F7A70BEF27F65C4700839E5E /* OSObj.c */; };
		F7A70C3D27F65C4700839E5E /* bypass.m in Sources */ = {isa = PBXBuildFile; fileRef = F7A70BF227F65C4700839E5E /* bypass.m */; };
		F7A70C3E27F65C4700839E5E /* log.m in Sources */ = {isa = PBXBuildFile; fileRef = F7A70BF627F65C4700839E5E /* log.m */; };
		F7A70C3F27F65C4700839E5E /* parameters.c in Sources */ = {isa = PBXBuildFile; fileRef = F7A70BF827F65C4700839E5E /* parameters.c */; };
		F7A70C4027F65C4700839E5E /* platform_match.c in Sources */ = {isa = PBXBuildFile; fileRef = F7A70BF927F65C4700839E5E /* platform_match.c */; };
		F7A70C4127F65C4700839E5E /* kernel_call.c in Sources */ = {isa = PBXBuildFile; fileRef = F7A70BFB27F65C4700839E5E /* kernel_call.c */; };
		F7A70C4227F65C4700839E5E /* user_client.c in Sources */ = {isa = PBXBuildFile; fileRef = F7A70BFE27F65C4700839E5E /* user_client.c */; };
		F7A70C4327F65C4700839E5E /* kc_parameters.c in Sources */ = {isa = PBXBuildFile; fileRef = F7A70C0127F65C4700839E5E /* kc_parameters.c */; };
		F7A70C4427F65C4700839E5E /* platform.c in Sources */ = {isa = PBXBuildFile; fileRef = F7A70C0227F65C4700839E5E /* platform.c */; };
		F7A70C4527F65C4700839E5E /* OffsetHolder.m in Sources */ = {isa = PBXBuildFile; fileRef = F7A70C0527F65C4700839E5E /* OffsetHolder.m */; };
		F7A70C4627F65C4700839E5E /* pac.c in Sources */ = {isa = PBXBuildFile; fileRef = F7A70C0827F65C4700839E5E /* pac.c */; };
		F7A70C4727F65C4700839E5E /* kernel_memory.c in Sources */ = {isa = PBXBuildFile; fileRef = F7A70C0927F65C4700839E5E /* kernel_memory.c */; };
		F7A70C4827F65C4700839E5E /* offsets.m in Sources */ = {isa = PBXBuildFile; fileRef = F7A70C0B27F65C4700839E5E /* offsets.m */; };
		F7A70C4927F65C4700839E5E /* kernel_alloc.c in Sources */ = {isa = PBXBuildFile; fileRef = F7A70C0D27F65C4700839E5E /* kernel_alloc.c */; };
		F7A70C4A27F65C4700839E5E /* kexecute.c in Sources */ = {isa = PBXBuildFile; fileRef = F7A70C0F27F65C4700839E5E /* kexecute.c */; };
		F7A70C4B27F65C4700839E5E /* kernel_exec.m in Sources */ = {isa = PBXBuildFile; fileRef = F7A70C1027F65C4700839E5E /* kernel_exec.m */; };
		F7A70C4C27F65C4700839E5E /* kernel_slide.c in Sources */ = {isa = PBXBuildFile; fileRef = F7A70C1127F65C4700839E5E /* kernel_slide.c */; };
		F7A70C4D27F65C4700839E5E /* amfi.m in Sources */ = {isa = PBXBuildFile; fileRef = F7A70C1527F65C4700839E5E /* amfi.m */; };
		F7A70C4E27F65C4700839E5E /* amfi_utils.m in Sources */ = {isa = PBXBuildFile; fileRef = F7A70C1627F65C4700839E5E /* amfi_utils.m */; };
		F7A70C4F27F65C4700839E5E /* find_port.c in Sources */ = {isa = PBXBuildFile; fileRef = F7A70C1A27F65C4700839E5E /* find_port.c */; };
		F7A70C5027F65C4700839E5E /* ArchiveUtils.m in Sources */ = {isa = PBXBuildFile; fileRef = F7A70C1D27F65C4700839E5E /* ArchiveUtils.m */; };
		F7A70C5127F65C4700839E5E /* ArchiveFile.m in Sources */ = {isa = PBXBuildFile; fileRef = F7A70C1E27F65C4700839E5E /* ArchiveFile.m */; };
		F7A70C5227F65C4700839E5E /* vnode_utils.m in Sources */ = {isa = PBXBuildFile; fileRef = F7A70C2227F65C4700839E5E /* vnode_utils.m */; };
		F7A70C5327F65C4700839E5E /* lzssdec.cpp in Sources */ = {isa = PBXBuildFile; fileRef = F7A70C2427F65C4700839E5E /* lzssdec.cpp */; };
		F7A70C5427F65C4700839E5E /* remap_tfp_set_hsp.c in Sources */ = {isa = PBXBuildFile; fileRef = F7A70C2827F65C4700839E5E /* remap_tfp_set_hsp.c */; };
		F7A70C5527F65C4700839E5E /* NSData+GZip.m in Sources */ = {isa = PBXBuildFile; fileRef = F7A70C2B27F65C4700839E5E /* NSData+GZip.m */; };
		F7A70C5627F65C4700839E5E /* NSString+SHA256.m in Sources */ = {isa = PBXBuildFile; fileRef = F7A70C2D27F65C4700839E5E /* NSString+SHA256.m */; };
		F7A70C5727F65C4700839E5E /* patchfinder64.c in Sources */ = {isa = PBXBuildFile; fileRef = F7A70C3127F65C4700839E5E /* patchfinder64.c */; };
		F7A70C5827F65C4700839E5E /* libsnappy.c in Sources */ = {isa = PBXBuildFile; fileRef = F7A70C3427F65C4700839E5E /* libsnappy.c */; };
		F7A70C5927F65C4700839E5E /* remount.m in Sources */ = {isa = PBXBuildFile; fileRef = F7A70C3727F65C4700839E5E /* remount.m */; };
		F7A70C5A27F65C4700839E5E /* unlocknvram.c in Sources */ = {isa = PBXBuildFile; fileRef = F7A70C3A27F65C4700839E5E /* unlocknvram.c */; };
		F7B0BCFA27FD32FA00E3625A /* freyaicestaff.jpg in Resources */ = {isa = PBXBuildFile; fileRef = F7B0BCF927FD32FA00E3625A /* freyaicestaff.jpg */; };
		F7C5DFB32847103400C3F3DA /* ios13_kernel_universal.c in Sources */ = {isa = PBXBuildFile; fileRef = F7C5DFA82847103400C3F3DA /* ios13_kernel_universal.c */; };
		F7C5DFB42847103400C3F3DA /* ios13_change_offsets.m in Sources */ = {isa = PBXBuildFile; fileRef = F7C5DFAC2847103400C3F3DA /* ios13_change_offsets.m */; };
		F7C5DFB52847103400C3F3DA /* ios13_userspace.c in Sources */ = {isa = PBXBuildFile; fileRef = F7C5DFAE2847103400C3F3DA /* ios13_userspace.c */; };
		F7C5DFB62847103400C3F3DA /* ios13_userspace_pac.c in Sources */ = {isa = PBXBuildFile; fileRef = F7C5DFB02847103400C3F3DA /* ios13_userspace_pac.c */; };
		F7C5DFB72847103400C3F3DA /* ios_7st_utils.m in Sources */ = {isa = PBXBuildFile; fileRef = F7C5DFB12847103400C3F3DA /* ios_7st_utils.m */; };
		F7EAE3E827EB926F00F91FB8 /* IOSurface_stuff.c in Sources */ = {isa = PBXBuildFile; fileRef = F7EAE3E327EB926F00F91FB8 /* IOSurface_stuff.c */; };
		F7EAE3E927EB926F00F91FB8 /* exploit_utilities_waste.c in Sources */ = {isa = PBXBuildFile; fileRef = F7EAE3E427EB926F00F91FB8 /* exploit_utilities_waste.c */; };
		F7EAE3EA27EB926F00F91FB8 /* IOAccelerator_stuff.c in Sources */ = {isa = PBXBuildFile; fileRef = F7EAE3E527EB926F00F91FB8 /* IOAccelerator_stuff.c */; };
		F7EAE3ED27EB928000F91FB8 /* offsets_TW.m in Sources */ = {isa = PBXBuildFile; fileRef = F7EAE3EC27EB928000F91FB8 /* offsets_TW.m */; };
		F7EAE3F727EBFA4D00F91FB8 /* file_utils.c in Sources */ = {isa = PBXBuildFile; fileRef = F7EAE3F627EBFA4D00F91FB8 /* file_utils.c */; };
		F7F3F02427EA6F36007B1B58 /* wasteoftime.c in Sources */ = {isa = PBXBuildFile; fileRef = F7F3F02227EA6F36007B1B58 /* wasteoftime.c */; };
/* End PBXBuildFile section */

/* Begin PBXFileReference section */
		4F14C7B32834082700D03B72 /* post_exploit.m */ = {isa = PBXFileReference; fileEncoding = 4; lastKnownFileType = sourcecode.c.objc; path = post_exploit.m; sourceTree = "<group>"; };
		8850DDE9229AF1E000D18B83 /* LaunchScreen.storyboard */ = {isa = PBXFileReference; lastKnownFileType = file.storyboard; path = LaunchScreen.storyboard; sourceTree = "<group>"; };
		888DFDA9229D9E9B004F4F6F /* AVKit.framework */ = {isa = PBXFileReference; lastKnownFileType = wrapper.framework; name = AVKit.framework; path = System/Library/Frameworks/AVKit.framework; sourceTree = SDKROOT; };
		88E01537228B629A00F9E519 /* voucher_swap.c */ = {isa = PBXFileReference; fileEncoding = 4; lastKnownFileType = sourcecode.c.c; path = voucher_swap.c; sourceTree = "<group>"; };
		88E01538228B629A00F9E519 /* voucher_swap.h */ = {isa = PBXFileReference; fileEncoding = 4; lastKnownFileType = sourcecode.c.h; path = voucher_swap.h; sourceTree = "<group>"; };
		88E01546228B638700F9E519 /* ipc_port.h */ = {isa = PBXFileReference; lastKnownFileType = sourcecode.c.h; path = ipc_port.h; sourceTree = "<group>"; };
		88EFC47A228369E8005FA5BB /* IOKit.framework */ = {isa = PBXFileReference; lastKnownFileType = wrapper.framework; name = IOKit.framework; path = "../../../Downloads/v3ntex-master/IOKit.framework"; sourceTree = "<group>"; };
		901F1E8122B6B5FC00D9A390 /* SF-Pro-Rounded-Black.otf */ = {isa = PBXFileReference; lastKnownFileType = file; name = "SF-Pro-Rounded-Black.otf"; path = "Artwork/Fonts/SF-Pro-Rounded-Black.otf"; sourceTree = SOURCE_ROOT; };
		901F1E8222B6B5FC00D9A390 /* SF-Pro-Display-ThinItalic.otf */ = {isa = PBXFileReference; lastKnownFileType = file; name = "SF-Pro-Display-ThinItalic.otf"; path = "Artwork/Fonts/SF-Pro-Display-ThinItalic.otf"; sourceTree = SOURCE_ROOT; };
		901F1E8322B6B5FC00D9A390 /* SF-Pro-Display-Ultralight.otf */ = {isa = PBXFileReference; lastKnownFileType = file; name = "SF-Pro-Display-Ultralight.otf"; path = "Artwork/Fonts/SF-Pro-Display-Ultralight.otf"; sourceTree = SOURCE_ROOT; };
		901F1E8422B6B5FC00D9A390 /* SF-Pro-Rounded-Heavy.otf */ = {isa = PBXFileReference; lastKnownFileType = file; name = "SF-Pro-Rounded-Heavy.otf"; path = "Artwork/Fonts/SF-Pro-Rounded-Heavy.otf"; sourceTree = SOURCE_ROOT; };
		901F1E8522B6B5FC00D9A390 /* SF-Pro-Rounded-Semibold.otf */ = {isa = PBXFileReference; lastKnownFileType = file; name = "SF-Pro-Rounded-Semibold.otf"; path = "Artwork/Fonts/SF-Pro-Rounded-Semibold.otf"; sourceTree = SOURCE_ROOT; };
		901F1E8622B6B5FC00D9A390 /* SF-Pro-Rounded-Medium.otf */ = {isa = PBXFileReference; lastKnownFileType = file; name = "SF-Pro-Rounded-Medium.otf"; path = "Artwork/Fonts/SF-Pro-Rounded-Medium.otf"; sourceTree = SOURCE_ROOT; };
		901F1E8722B6B5FC00D9A390 /* SF-Pro-Rounded-Ultralight.otf */ = {isa = PBXFileReference; lastKnownFileType = file; name = "SF-Pro-Rounded-Ultralight.otf"; path = "Artwork/Fonts/SF-Pro-Rounded-Ultralight.otf"; sourceTree = SOURCE_ROOT; };
		901F1E8822B6B5FC00D9A390 /* SF-Pro-Rounded-Bold.otf */ = {isa = PBXFileReference; lastKnownFileType = file; name = "SF-Pro-Rounded-Bold.otf"; path = "Artwork/Fonts/SF-Pro-Rounded-Bold.otf"; sourceTree = SOURCE_ROOT; };
		901F1E8922B6B5FC00D9A390 /* SF-Pro-Rounded-Light.otf */ = {isa = PBXFileReference; lastKnownFileType = file; name = "SF-Pro-Rounded-Light.otf"; path = "Artwork/Fonts/SF-Pro-Rounded-Light.otf"; sourceTree = SOURCE_ROOT; };
		901F1E8A22B6B5FC00D9A390 /* SF-Pro-Rounded-Regular.otf */ = {isa = PBXFileReference; lastKnownFileType = file; name = "SF-Pro-Rounded-Regular.otf"; path = "Artwork/Fonts/SF-Pro-Rounded-Regular.otf"; sourceTree = SOURCE_ROOT; };
		901F1E8B22B6B5FC00D9A390 /* SF-Pro-Rounded-Thin.otf */ = {isa = PBXFileReference; lastKnownFileType = file; name = "SF-Pro-Rounded-Thin.otf"; path = "Artwork/Fonts/SF-Pro-Rounded-Thin.otf"; sourceTree = SOURCE_ROOT; };
		901F1E8C22B6B5FC00D9A390 /* SF-Pro-Display-Thin.otf */ = {isa = PBXFileReference; lastKnownFileType = file; name = "SF-Pro-Display-Thin.otf"; path = "Artwork/Fonts/SF-Pro-Display-Thin.otf"; sourceTree = SOURCE_ROOT; };
		901F1E8D22B6B5FD00D9A390 /* SF-Pro-Display-UltralightItalic.otf */ = {isa = PBXFileReference; lastKnownFileType = file; name = "SF-Pro-Display-UltralightItalic.otf"; path = "Artwork/Fonts/SF-Pro-Display-UltralightItalic.otf"; sourceTree = SOURCE_ROOT; };
		B8268668228760C90062035C /* bootstrap */ = {isa = PBXFileReference; lastKnownFileType = folder; path = bootstrap; sourceTree = "<group>"; };
		B862F49D22C8261F003B79E6 /* SettingsViewController.h */ = {isa = PBXFileReference; lastKnownFileType = sourcecode.c.h; path = SettingsViewController.h; sourceTree = "<group>"; };
		B862F49E22C8261F003B79E6 /* SettingsViewController.m */ = {isa = PBXFileReference; lastKnownFileType = sourcecode.c.objc; path = SettingsViewController.m; sourceTree = "<group>"; };
		B866F3CC228B7A7200616377 /* machswap2.m */ = {isa = PBXFileReference; lastKnownFileType = sourcecode.c.objc; path = machswap2.m; sourceTree = "<group>"; };
		B866F3CD228B7A7200616377 /* machswap2.h */ = {isa = PBXFileReference; lastKnownFileType = sourcecode.c.h; path = machswap2.h; sourceTree = "<group>"; };
		B8722968230A2D2000440993 /* cpBootHash.c */ = {isa = PBXFileReference; lastKnownFileType = sourcecode.c.c; path = cpBootHash.c; sourceTree = "<group>"; };
		B8722969230A2D2000440993 /* cpBootHash.h */ = {isa = PBXFileReference; lastKnownFileType = sourcecode.c.h; path = cpBootHash.h; sourceTree = "<group>"; };
		B883471F2284DF8C00DBA046 /* reboot.h */ = {isa = PBXFileReference; lastKnownFileType = sourcecode.c.h; path = reboot.h; sourceTree = "<group>"; };
		B89BAA0E22826A9F00964B6F /* freya.app */ = {isa = PBXFileReference; explicitFileType = wrapper.application; includeInIndex = 0; path = freya.app; sourceTree = BUILT_PRODUCTS_DIR; };
		B89BAA1122826A9F00964B6F /* AppDelegate.h */ = {isa = PBXFileReference; lastKnownFileType = sourcecode.c.h; path = AppDelegate.h; sourceTree = "<group>"; };
		B89BAA1222826A9F00964B6F /* AppDelegate.m */ = {isa = PBXFileReference; lastKnownFileType = sourcecode.c.objc; path = AppDelegate.m; sourceTree = "<group>"; };
		B89BAA1422826A9F00964B6F /* ViewController.h */ = {isa = PBXFileReference; lastKnownFileType = sourcecode.c.h; path = ViewController.h; sourceTree = "<group>"; };
		B89BAA1522826A9F00964B6F /* ViewController.m */ = {isa = PBXFileReference; lastKnownFileType = sourcecode.c.objc; path = ViewController.m; sourceTree = "<group>"; };
		B89BAA1822826A9F00964B6F /* Base */ = {isa = PBXFileReference; lastKnownFileType = file.storyboard; name = Base; path = Base.lproj/Main.storyboard; sourceTree = "<group>"; };
		B89BAA1A22826AA000964B6F /* Assets.xcassets */ = {isa = PBXFileReference; lastKnownFileType = folder.assetcatalog; path = Assets.xcassets; sourceTree = "<group>"; };
		B89BAA1F22826AA000964B6F /* Info.plist */ = {isa = PBXFileReference; lastKnownFileType = text.plist.xml; path = Info.plist; sourceTree = "<group>"; };
		B89BAA2022826AA000964B6F /* main.m */ = {isa = PBXFileReference; lastKnownFileType = sourcecode.c.objc; path = main.m; sourceTree = "<group>"; };
		B8B3F9812283B223000E8427 /* mach_vm.h */ = {isa = PBXFileReference; lastKnownFileType = sourcecode.c.h; path = mach_vm.h; sourceTree = "<group>"; };
		B8B3F9862283B27B000E8427 /* IOKitLib.h */ = {isa = PBXFileReference; lastKnownFileType = sourcecode.c.h; path = IOKitLib.h; sourceTree = "<group>"; };
		B8B3F9872283B29C000E8427 /* IOTypes.h */ = {isa = PBXFileReference; lastKnownFileType = sourcecode.c.h; path = IOTypes.h; sourceTree = "<group>"; };
		B8B3F9882283B2AC000E8427 /* IOReturn.h */ = {isa = PBXFileReference; lastKnownFileType = sourcecode.c.h; path = IOReturn.h; sourceTree = "<group>"; };
		B8B3F9932283B36E000E8427 /* KernelUtils.c */ = {isa = PBXFileReference; lastKnownFileType = sourcecode.c.c; path = KernelUtils.c; sourceTree = "<group>"; };
		B8B3F9942283B36E000E8427 /* KernelUtils.h */ = {isa = PBXFileReference; lastKnownFileType = sourcecode.c.h; path = KernelUtils.h; sourceTree = "<group>"; };
		B8C0B7FC22837D990030AE1E /* machswap.m */ = {isa = PBXFileReference; lastKnownFileType = sourcecode.c.objc; path = machswap.m; sourceTree = "<group>"; };
		B8C0B7FD22837D990030AE1E /* machswap.h */ = {isa = PBXFileReference; lastKnownFileType = sourcecode.c.h; path = machswap.h; sourceTree = "<group>"; };
		B8C0B80022837DDD0030AE1E /* ms_offs.m */ = {isa = PBXFileReference; lastKnownFileType = sourcecode.c.objc; path = ms_offs.m; sourceTree = "<group>"; };
		B8C0B80122837DDD0030AE1E /* ms_offs.h */ = {isa = PBXFileReference; lastKnownFileType = sourcecode.c.h; path = ms_offs.h; sourceTree = "<group>"; };
		B8C0B80422837E110030AE1E /* common.h */ = {isa = PBXFileReference; lastKnownFileType = sourcecode.c.h; path = common.h; sourceTree = "<group>"; };
		B8C0B80522837E4F0030AE1E /* iokit.h */ = {isa = PBXFileReference; lastKnownFileType = sourcecode.c.h; path = iokit.h; sourceTree = "<group>"; };
		B8C0B808228385DA0030AE1E /* ImportantHolders.c */ = {isa = PBXFileReference; lastKnownFileType = sourcecode.c.c; path = ImportantHolders.c; sourceTree = "<group>"; };
		B8C0B809228385DA0030AE1E /* ImportantHolders.h */ = {isa = PBXFileReference; lastKnownFileType = sourcecode.c.h; path = ImportantHolders.h; sourceTree = "<group>"; };
		B8D6CFEE22D8DCC800437880 /* shenanigans.m */ = {isa = PBXFileReference; lastKnownFileType = sourcecode.c.objc; path = shenanigans.m; sourceTree = "<group>"; };
		B8D6CFEF22D8DCC800437880 /* shenanigans.h */ = {isa = PBXFileReference; lastKnownFileType = sourcecode.c.h; path = shenanigans.h; sourceTree = "<group>"; };
		B8E7D08822E3B75C00D1D85F /* exploit.c */ = {isa = PBXFileReference; lastKnownFileType = sourcecode.c.c; path = exploit.c; sourceTree = "<group>"; };
		B8E7D08922E3B75C00D1D85F /* exploit.h */ = {isa = PBXFileReference; lastKnownFileType = sourcecode.c.h; path = exploit.h; sourceTree = "<group>"; };
		B8E7D08B22E3B79300D1D85F /* exploit_utilities.c */ = {isa = PBXFileReference; lastKnownFileType = sourcecode.c.c; path = exploit_utilities.c; sourceTree = "<group>"; };
		B8E7D08C22E3B79300D1D85F /* exploit_utilities.h */ = {isa = PBXFileReference; lastKnownFileType = sourcecode.c.h; path = exploit_utilities.h; sourceTree = "<group>"; };
		B8E7D08E22E3B7B900D1D85F /* iosurface.c */ = {isa = PBXFileReference; lastKnownFileType = sourcecode.c.c; path = iosurface.c; sourceTree = "<group>"; };
		B8E7D08F22E3B7B900D1D85F /* iosurface.h */ = {isa = PBXFileReference; lastKnownFileType = sourcecode.c.h; path = iosurface.h; sourceTree = "<group>"; };
		B8E8A9B822891CE00049F87D /* insert_dylib.c */ = {isa = PBXFileReference; lastKnownFileType = sourcecode.c.c; path = insert_dylib.c; sourceTree = "<group>"; };
		B8E8A9B922891CE00049F87D /* insert_dylib.h */ = {isa = PBXFileReference; lastKnownFileType = sourcecode.c.h; path = insert_dylib.h; sourceTree = "<group>"; };
		B8E8A9BB22891DFD0049F87D /* kernel_structs.h */ = {isa = PBXFileReference; lastKnownFileType = sourcecode.c.h; path = kernel_structs.h; sourceTree = "<group>"; };
		B8E8A9BC228923160049F87D /* libproc.h */ = {isa = PBXFileReference; lastKnownFileType = sourcecode.c.h; path = libproc.h; sourceTree = "<group>"; };
		B8E8A9BD228923BC0049F87D /* proc_info.h */ = {isa = PBXFileReference; lastKnownFileType = sourcecode.c.h; path = proc_info.h; sourceTree = "<group>"; };
		B8E8A9BE228923DE0049F87D /* kern_control.h */ = {isa = PBXFileReference; lastKnownFileType = sourcecode.c.h; path = kern_control.h; sourceTree = "<group>"; };
		B8E8A9BF228923F00049F87D /* route.h */ = {isa = PBXFileReference; lastKnownFileType = sourcecode.c.h; path = route.h; sourceTree = "<group>"; };
		B8F2CF9122DBADD400BEB355 /* mac_policy.h */ = {isa = PBXFileReference; lastKnownFileType = sourcecode.c.h; path = mac_policy.h; sourceTree = "<group>"; };
		B8FB44F02284F3A200CEDF47 /* CSCommon.h */ = {isa = PBXFileReference; lastKnownFileType = sourcecode.c.h; path = CSCommon.h; sourceTree = "<group>"; };
		B8FB44F12284F3F700CEDF47 /* libmis.tbd */ = {isa = PBXFileReference; lastKnownFileType = "sourcecode.text-based-dylib-definition"; name = libmis.tbd; path = usr/lib/libmis.tbd; sourceTree = SDKROOT; };
		B8FB44F72284F70A00CEDF47 /* libarchive.tbd */ = {isa = PBXFileReference; lastKnownFileType = "sourcecode.text-based-dylib-definition"; name = libarchive.tbd; path = usr/lib/libarchive.tbd; sourceTree = SDKROOT; };
		B8FB44F92284F73A00CEDF47 /* archive.h */ = {isa = PBXFileReference; lastKnownFileType = sourcecode.c.h; path = archive.h; sourceTree = "<group>"; };
		B8FB44FA2284F74900CEDF47 /* archive_entry.h */ = {isa = PBXFileReference; lastKnownFileType = sourcecode.c.h; path = archive_entry.h; sourceTree = "<group>"; };
		F784120327E4724F00D1A7CC /* TH0R12icon.jpg */ = {isa = PBXFileReference; lastKnownFileType = image.jpeg; path = TH0R12icon.jpg; sourceTree = "<group>"; };
		F785C78C27E3B9C800BBC4D0 /* utilsZS.m */ = {isa = PBXFileReference; fileEncoding = 4; lastKnownFileType = sourcecode.c.objc; path = utilsZS.m; sourceTree = "<group>"; };
		F785C78D27E3B9C800BBC4D0 /* utilsZS.h */ = {isa = PBXFileReference; fileEncoding = 4; lastKnownFileType = sourcecode.c.h; path = utilsZS.h; sourceTree = "<group>"; };
		F7A70BEC27F65C4700839E5E /* PFOffs.c */ = {isa = PBXFileReference; fileEncoding = 4; lastKnownFileType = sourcecode.c.c; path = PFOffs.c; sourceTree = "<group>"; };
		F7A70BED27F65C4700839E5E /* PFOffs.h */ = {isa = PBXFileReference; fileEncoding = 4; lastKnownFileType = sourcecode.c.h; path = PFOffs.h; sourceTree = "<group>"; };
		F7A70BEF27F65C4700839E5E /* OSObj.c */ = {isa = PBXFileReference; fileEncoding = 4; lastKnownFileType = sourcecode.c.c; path = OSObj.c; sourceTree = "<group>"; };
		F7A70BF027F65C4700839E5E /* bypass.h */ = {isa = PBXFileReference; fileEncoding = 4; lastKnownFileType = sourcecode.c.h; path = bypass.h; sourceTree = "<group>"; };
		F7A70BF127F65C4700839E5E /* cs_blob.h */ = {isa = PBXFileReference; fileEncoding = 4; lastKnownFileType = sourcecode.c.h; path = cs_blob.h; sourceTree = "<group>"; };
		F7A70BF227F65C4700839E5E /* bypass.m */ = {isa = PBXFileReference; fileEncoding = 4; lastKnownFileType = sourcecode.c.objc; path = bypass.m; sourceTree = "<group>"; };
		F7A70BF327F65C4700839E5E /* OSObj.h */ = {isa = PBXFileReference; fileEncoding = 4; lastKnownFileType = sourcecode.c.h; path = OSObj.h; sourceTree = "<group>"; };
		F7A70BF527F65C4700839E5E /* kernel_memory.h */ = {isa = PBXFileReference; fileEncoding = 4; lastKnownFileType = sourcecode.c.h; path = kernel_memory.h; sourceTree = "<group>"; };
		F7A70BF627F65C4700839E5E /* log.m */ = {isa = PBXFileReference; fileEncoding = 4; lastKnownFileType = sourcecode.c.objc; path = log.m; sourceTree = "<group>"; };
		F7A70BF727F65C4700839E5E /* pac.h */ = {isa = PBXFileReference; fileEncoding = 4; lastKnownFileType = sourcecode.c.h; path = pac.h; sourceTree = "<group>"; };
		F7A70BF827F65C4700839E5E /* parameters.c */ = {isa = PBXFileReference; fileEncoding = 4; lastKnownFileType = sourcecode.c.c; path = parameters.c; sourceTree = "<group>"; };
		F7A70BF927F65C4700839E5E /* platform_match.c */ = {isa = PBXFileReference; fileEncoding = 4; lastKnownFileType = sourcecode.c.c; path = platform_match.c; sourceTree = "<group>"; };
		F7A70BFA27F65C4700839E5E /* OffsetHolder.h */ = {isa = PBXFileReference; fileEncoding = 4; lastKnownFileType = sourcecode.c.h; path = OffsetHolder.h; sourceTree = "<group>"; };
		F7A70BFB27F65C4700839E5E /* kernel_call.c */ = {isa = PBXFileReference; fileEncoding = 4; lastKnownFileType = sourcecode.c.c; path = kernel_call.c; sourceTree = "<group>"; };
		F7A70BFC27F65C4700839E5E /* kernel_alloc.h */ = {isa = PBXFileReference; fileEncoding = 4; lastKnownFileType = sourcecode.c.h; path = kernel_alloc.h; sourceTree = "<group>"; };
		F7A70BFD27F65C4700839E5E /* offsets.h */ = {isa = PBXFileReference; fileEncoding = 4; lastKnownFileType = sourcecode.c.h; path = offsets.h; sourceTree = "<group>"; };
		F7A70BFE27F65C4700839E5E /* user_client.c */ = {isa = PBXFileReference; fileEncoding = 4; lastKnownFileType = sourcecode.c.c; path = user_client.c; sourceTree = "<group>"; };
		F7A70BFF27F65C4700839E5E /* kernel_exec.h */ = {isa = PBXFileReference; fileEncoding = 4; lastKnownFileType = sourcecode.c.h; path = kernel_exec.h; sourceTree = "<group>"; };
		F7A70C0027F65C4700839E5E /* kexecute.h */ = {isa = PBXFileReference; fileEncoding = 4; lastKnownFileType = sourcecode.c.h; path = kexecute.h; sourceTree = "<group>"; };
		F7A70C0127F65C4700839E5E /* kc_parameters.c */ = {isa = PBXFileReference; fileEncoding = 4; lastKnownFileType = sourcecode.c.c; path = kc_parameters.c; sourceTree = "<group>"; };
		F7A70C0227F65C4700839E5E /* platform.c */ = {isa = PBXFileReference; fileEncoding = 4; lastKnownFileType = sourcecode.c.c; path = platform.c; sourceTree = "<group>"; };
		F7A70C0327F65C4700839E5E /* kernel_slide.h */ = {isa = PBXFileReference; fileEncoding = 4; lastKnownFileType = sourcecode.c.h; path = kernel_slide.h; sourceTree = "<group>"; };
		F7A70C0427F65C4700839E5E /* kernel_call.h */ = {isa = PBXFileReference; fileEncoding = 4; lastKnownFileType = sourcecode.c.h; path = kernel_call.h; sourceTree = "<group>"; };
		F7A70C0527F65C4700839E5E /* OffsetHolder.m */ = {isa = PBXFileReference; fileEncoding = 4; lastKnownFileType = sourcecode.c.objc; path = OffsetHolder.m; sourceTree = "<group>"; };
		F7A70C0627F65C4700839E5E /* platform_match.h */ = {isa = PBXFileReference; fileEncoding = 4; lastKnownFileType = sourcecode.c.h; path = platform_match.h; sourceTree = "<group>"; };
		F7A70C0727F65C4700839E5E /* parameters.h */ = {isa = PBXFileReference; fileEncoding = 4; lastKnownFileType = sourcecode.c.h; path = parameters.h; sourceTree = "<group>"; };
		F7A70C0827F65C4700839E5E /* pac.c */ = {isa = PBXFileReference; fileEncoding = 4; lastKnownFileType = sourcecode.c.c; path = pac.c; sourceTree = "<group>"; };
		F7A70C0927F65C4700839E5E /* kernel_memory.c */ = {isa = PBXFileReference; fileEncoding = 4; lastKnownFileType = sourcecode.c.c; path = kernel_memory.c; sourceTree = "<group>"; };
		F7A70C0A27F65C4700839E5E /* log.h */ = {isa = PBXFileReference; fileEncoding = 4; lastKnownFileType = sourcecode.c.h; path = log.h; sourceTree = "<group>"; };
		F7A70C0B27F65C4700839E5E /* offsets.m */ = {isa = PBXFileReference; fileEncoding = 4; lastKnownFileType = sourcecode.c.objc; path = offsets.m; sourceTree = "<group>"; };
		F7A70C0C27F65C4700839E5E /* user_client.h */ = {isa = PBXFileReference; fileEncoding = 4; lastKnownFileType = sourcecode.c.h; path = user_client.h; sourceTree = "<group>"; };
		F7A70C0D27F65C4700839E5E /* kernel_alloc.c */ = {isa = PBXFileReference; fileEncoding = 4; lastKnownFileType = sourcecode.c.c; path = kernel_alloc.c; sourceTree = "<group>"; };
		F7A70C0E27F65C4700839E5E /* kc_parameters.h */ = {isa = PBXFileReference; fileEncoding = 4; lastKnownFileType = sourcecode.c.h; path = kc_parameters.h; sourceTree = "<group>"; };
		F7A70C0F27F65C4700839E5E /* kexecute.c */ = {isa = PBXFileReference; fileEncoding = 4; lastKnownFileType = sourcecode.c.c; path = kexecute.c; sourceTree = "<group>"; };
		F7A70C1027F65C4700839E5E /* kernel_exec.m */ = {isa = PBXFileReference; fileEncoding = 4; lastKnownFileType = sourcecode.c.objc; path = kernel_exec.m; sourceTree = "<group>"; };
		F7A70C1127F65C4700839E5E /* kernel_slide.c */ = {isa = PBXFileReference; fileEncoding = 4; lastKnownFileType = sourcecode.c.c; path = kernel_slide.c; sourceTree = "<group>"; };
		F7A70C1227F65C4700839E5E /* platform.h */ = {isa = PBXFileReference; fileEncoding = 4; lastKnownFileType = sourcecode.c.h; path = platform.h; sourceTree = "<group>"; };
		F7A70C1427F65C4700839E5E /* amfi_utils.h */ = {isa = PBXFileReference; fileEncoding = 4; lastKnownFileType = sourcecode.c.h; path = amfi_utils.h; sourceTree = "<group>"; };
		F7A70C1527F65C4700839E5E /* amfi.m */ = {isa = PBXFileReference; fileEncoding = 4; lastKnownFileType = sourcecode.c.objc; path = amfi.m; sourceTree = "<group>"; };
		F7A70C1627F65C4700839E5E /* amfi_utils.m */ = {isa = PBXFileReference; fileEncoding = 4; lastKnownFileType = sourcecode.c.objc; path = amfi_utils.m; sourceTree = "<group>"; };
		F7A70C1727F65C4700839E5E /* amfi.h */ = {isa = PBXFileReference; fileEncoding = 4; lastKnownFileType = sourcecode.c.h; path = amfi.h; sourceTree = "<group>"; };
		F7A70C1927F65C4700839E5E /* find_port.h */ = {isa = PBXFileReference; fileEncoding = 4; lastKnownFileType = sourcecode.c.h; path = find_port.h; sourceTree = "<group>"; };
		F7A70C1A27F65C4700839E5E /* find_port.c */ = {isa = PBXFileReference; fileEncoding = 4; lastKnownFileType = sourcecode.c.c; path = find_port.c; sourceTree = "<group>"; };
		F7A70C1C27F65C4700839E5E /* ArchiveFile.h */ = {isa = PBXFileReference; fileEncoding = 4; lastKnownFileType = sourcecode.c.h; path = ArchiveFile.h; sourceTree = "<group>"; };
		F7A70C1D27F65C4700839E5E /* ArchiveUtils.m */ = {isa = PBXFileReference; fileEncoding = 4; lastKnownFileType = sourcecode.c.objc; path = ArchiveUtils.m; sourceTree = "<group>"; };
		F7A70C1E27F65C4700839E5E /* ArchiveFile.m */ = {isa = PBXFileReference; fileEncoding = 4; lastKnownFileType = sourcecode.c.objc; path = ArchiveFile.m; sourceTree = "<group>"; };
		F7A70C1F27F65C4700839E5E /* ArchiveUtils.h */ = {isa = PBXFileReference; fileEncoding = 4; lastKnownFileType = sourcecode.c.h; path = ArchiveUtils.h; sourceTree = "<group>"; };
		F7A70C2127F65C4700839E5E /* vnode_utils.h */ = {isa = PBXFileReference; fileEncoding = 4; lastKnownFileType = sourcecode.c.h; path = vnode_utils.h; sourceTree = "<group>"; };
		F7A70C2227F65C4700839E5E /* vnode_utils.m */ = {isa = PBXFileReference; fileEncoding = 4; lastKnownFileType = sourcecode.c.objc; path = vnode_utils.m; sourceTree = "<group>"; };
		F7A70C2427F65C4700839E5E /* lzssdec.cpp */ = {isa = PBXFileReference; fileEncoding = 4; lastKnownFileType = sourcecode.cpp.cpp; path = lzssdec.cpp; sourceTree = "<group>"; };
		F7A70C2527F65C4700839E5E /* lzssdec.h */ = {isa = PBXFileReference; fileEncoding = 4; lastKnownFileType = sourcecode.c.h; path = lzssdec.h; sourceTree = "<group>"; };
		F7A70C2727F65C4700839E5E /* remap_tfp_set_hsp.h */ = {isa = PBXFileReference; fileEncoding = 4; lastKnownFileType = sourcecode.c.h; path = remap_tfp_set_hsp.h; sourceTree = "<group>"; };
		F7A70C2827F65C4700839E5E /* remap_tfp_set_hsp.c */ = {isa = PBXFileReference; fileEncoding = 4; lastKnownFileType = sourcecode.c.c; path = remap_tfp_set_hsp.c; sourceTree = "<group>"; };
		F7A70C2A27F65C4700839E5E /* NSData+GZip.h */ = {isa = PBXFileReference; fileEncoding = 4; lastKnownFileType = sourcecode.c.h; path = "NSData+GZip.h"; sourceTree = "<group>"; };
		F7A70C2B27F65C4700839E5E /* NSData+GZip.m */ = {isa = PBXFileReference; fileEncoding = 4; lastKnownFileType = sourcecode.c.objc; path = "NSData+GZip.m"; sourceTree = "<group>"; };
		F7A70C2D27F65C4700839E5E /* NSString+SHA256.m */ = {isa = PBXFileReference; fileEncoding = 4; lastKnownFileType = sourcecode.c.objc; path = "NSString+SHA256.m"; sourceTree = "<group>"; };
		F7A70C2E27F65C4700839E5E /* NSString+SHA256.h */ = {isa = PBXFileReference; fileEncoding = 4; lastKnownFileType = sourcecode.c.h; path = "NSString+SHA256.h"; sourceTree = "<group>"; };
		F7A70C3027F65C4700839E5E /* patchfinder64.h */ = {isa = PBXFileReference; fileEncoding = 4; lastKnownFileType = sourcecode.c.h; path = patchfinder64.h; sourceTree = "<group>"; };
		F7A70C3127F65C4700839E5E /* patchfinder64.c */ = {isa = PBXFileReference; fileEncoding = 4; lastKnownFileType = sourcecode.c.c; path = patchfinder64.c; sourceTree = "<group>"; };
		F7A70C3327F65C4700839E5E /* libsnappy.h */ = {isa = PBXFileReference; fileEncoding = 4; lastKnownFileType = sourcecode.c.h; path = libsnappy.h; sourceTree = "<group>"; };
		F7A70C3427F65C4700839E5E /* libsnappy.c */ = {isa = PBXFileReference; fileEncoding = 4; lastKnownFileType = sourcecode.c.c; path = libsnappy.c; sourceTree = "<group>"; };
		F7A70C3627F65C4700839E5E /* remount.h */ = {isa = PBXFileReference; fileEncoding = 4; lastKnownFileType = sourcecode.c.h; path = remount.h; sourceTree = "<group>"; };
		F7A70C3727F65C4700839E5E /* remount.m */ = {isa = PBXFileReference; fileEncoding = 4; lastKnownFileType = sourcecode.c.objc; path = remount.m; sourceTree = "<group>"; };
		F7A70C3927F65C4700839E5E /* unlocknvram.h */ = {isa = PBXFileReference; fileEncoding = 4; lastKnownFileType = sourcecode.c.h; path = unlocknvram.h; sourceTree = "<group>"; };
		F7A70C3A27F65C4700839E5E /* unlocknvram.c */ = {isa = PBXFileReference; fileEncoding = 4; lastKnownFileType = sourcecode.c.c; path = unlocknvram.c; sourceTree = "<group>"; };
		F7B0BCF927FD32FA00E3625A /* freyaicestaff.jpg */ = {isa = PBXFileReference; lastKnownFileType = image.jpeg; path = freyaicestaff.jpg; sourceTree = "<group>"; };
		F7C5DFA72847103400C3F3DA /* IOTypes.h */ = {isa = PBXFileReference; fileEncoding = 4; lastKnownFileType = sourcecode.c.h; path = IOTypes.h; sourceTree = "<group>"; };
		F7C5DFA82847103400C3F3DA /* ios13_kernel_universal.c */ = {isa = PBXFileReference; fileEncoding = 4; lastKnownFileType = sourcecode.c.c; path = ios13_kernel_universal.c; sourceTree = "<group>"; };
		F7C5DFA92847103400C3F3DA /* IOKitKeys.h */ = {isa = PBXFileReference; fileEncoding = 4; lastKnownFileType = sourcecode.c.h; path = IOKitKeys.h; sourceTree = "<group>"; };
		F7C5DFAA2847103400C3F3DA /* IOReturn.h */ = {isa = PBXFileReference; fileEncoding = 4; lastKnownFileType = sourcecode.c.h; path = IOReturn.h; sourceTree = "<group>"; };
		F7C5DFAB2847103400C3F3DA /* vnode.h */ = {isa = PBXFileReference; fileEncoding = 4; lastKnownFileType = sourcecode.c.h; path = vnode.h; sourceTree = "<group>"; };
		F7C5DFAC2847103400C3F3DA /* ios13_change_offsets.m */ = {isa = PBXFileReference; fileEncoding = 4; lastKnownFileType = sourcecode.c.objc; path = ios13_change_offsets.m; sourceTree = "<group>"; };
		F7C5DFAD2847103400C3F3DA /* OSMessageNotification.h */ = {isa = PBXFileReference; fileEncoding = 4; lastKnownFileType = sourcecode.c.h; path = OSMessageNotification.h; sourceTree = "<group>"; };
		F7C5DFAE2847103400C3F3DA /* ios13_userspace.c */ = {isa = PBXFileReference; fileEncoding = 4; lastKnownFileType = sourcecode.c.c; path = ios13_userspace.c; sourceTree = "<group>"; };
		F7C5DFAF2847103400C3F3DA /* xpcz.h */ = {isa = PBXFileReference; fileEncoding = 4; lastKnownFileType = sourcecode.c.h; path = xpcz.h; sourceTree = "<group>"; };
		F7C5DFB02847103400C3F3DA /* ios13_userspace_pac.c */ = {isa = PBXFileReference; fileEncoding = 4; lastKnownFileType = sourcecode.c.c; path = ios13_userspace_pac.c; sourceTree = "<group>"; };
		F7C5DFB12847103400C3F3DA /* ios_7st_utils.m */ = {isa = PBXFileReference; fileEncoding = 4; lastKnownFileType = sourcecode.c.objc; path = ios_7st_utils.m; sourceTree = "<group>"; };
		F7C5DFB22847103400C3F3DA /* IOKitLib.h */ = {isa = PBXFileReference; fileEncoding = 4; lastKnownFileType = sourcecode.c.h; path = IOKitLib.h; sourceTree = "<group>"; };
		F7EAE3E227EB926F00F91FB8 /* IOSurface_stuff.h */ = {isa = PBXFileReference; fileEncoding = 4; lastKnownFileType = sourcecode.c.h; path = IOSurface_stuff.h; sourceTree = "<group>"; };
		F7EAE3E327EB926F00F91FB8 /* IOSurface_stuff.c */ = {isa = PBXFileReference; fileEncoding = 4; lastKnownFileType = sourcecode.c.c; path = IOSurface_stuff.c; sourceTree = "<group>"; };
		F7EAE3E427EB926F00F91FB8 /* exploit_utilities_waste.c */ = {isa = PBXFileReference; fileEncoding = 4; lastKnownFileType = sourcecode.c.c; path = exploit_utilities_waste.c; sourceTree = "<group>"; };
		F7EAE3E527EB926F00F91FB8 /* IOAccelerator_stuff.c */ = {isa = PBXFileReference; fileEncoding = 4; lastKnownFileType = sourcecode.c.c; path = IOAccelerator_stuff.c; sourceTree = "<group>"; };
		F7EAE3E627EB926F00F91FB8 /* IOAccelerator_stuff.h */ = {isa = PBXFileReference; fileEncoding = 4; lastKnownFileType = sourcecode.c.h; path = IOAccelerator_stuff.h; sourceTree = "<group>"; };
		F7EAE3E727EB926F00F91FB8 /* exploit_utilities_waste.h */ = {isa = PBXFileReference; fileEncoding = 4; lastKnownFileType = sourcecode.c.h; path = exploit_utilities_waste.h; sourceTree = "<group>"; };
		F7EAE3EB27EB928000F91FB8 /* offsets_TW.h */ = {isa = PBXFileReference; fileEncoding = 4; lastKnownFileType = sourcecode.c.h; path = offsets_TW.h; sourceTree = "<group>"; };
		F7EAE3EC27EB928000F91FB8 /* offsets_TW.m */ = {isa = PBXFileReference; fileEncoding = 4; lastKnownFileType = sourcecode.c.objc; path = offsets_TW.m; sourceTree = "<group>"; };
		F7EAE3EE27EBA24600F91FB8 /* IOKitLibTW.h */ = {isa = PBXFileReference; fileEncoding = 4; lastKnownFileType = sourcecode.c.h; path = IOKitLibTW.h; sourceTree = "<group>"; };
		F7EAE3EF27EBA26100F91FB8 /* OSMessageNotification.h */ = {isa = PBXFileReference; fileEncoding = 4; lastKnownFileType = sourcecode.c.h; name = OSMessageNotification.h; path = IOKit/OSMessageNotification.h; sourceTree = "<group>"; };
		F7EAE3F027EBA27500F91FB8 /* IOKitKeys.h */ = {isa = PBXFileReference; fileEncoding = 4; lastKnownFileType = sourcecode.c.h; name = IOKitKeys.h; path = IOKit/IOKitKeys.h; sourceTree = "<group>"; };
		F7EAE3F527EBFA4D00F91FB8 /* file_utils.h */ = {isa = PBXFileReference; fileEncoding = 4; lastKnownFileType = sourcecode.c.h; path = file_utils.h; sourceTree = "<group>"; };
		F7EAE3F627EBFA4D00F91FB8 /* file_utils.c */ = {isa = PBXFileReference; fileEncoding = 4; lastKnownFileType = sourcecode.c.c; path = file_utils.c; sourceTree = "<group>"; };
		F7F3F02227EA6F36007B1B58 /* wasteoftime.c */ = {isa = PBXFileReference; fileEncoding = 4; lastKnownFileType = sourcecode.c.c; path = wasteoftime.c; sourceTree = "<group>"; };
		F7F3F02327EA6F36007B1B58 /* wasteoftime.h */ = {isa = PBXFileReference; fileEncoding = 4; lastKnownFileType = sourcecode.c.h; path = wasteoftime.h; sourceTree = "<group>"; };
/* End PBXFileReference section */

/* Begin PBXFrameworksBuildPhase section */
		B89BAA0B22826A9F00964B6F /* Frameworks */ = {
			isa = PBXFrameworksBuildPhase;
			buildActionMask = 2147483647;
			files = (
				B8FB44FB2284F76100CEDF47 /* libarchive.tbd in Frameworks */,
				B8FB44F22284F3F700CEDF47 /* libmis.tbd in Frameworks */,
				88EFC47B228369E8005FA5BB /* IOKit.framework in Frameworks */,
			);
			runOnlyForDeploymentPostprocessing = 0;
		};
/* End PBXFrameworksBuildPhase section */

/* Begin PBXGroup section */
		88E0151E228B629A00F9E519 /* voucher_swap */ = {
			isa = PBXGroup;
			children = (
				88E01537228B629A00F9E519 /* voucher_swap.c */,
				88E01538228B629A00F9E519 /* voucher_swap.h */,
			);
			path = voucher_swap;
			sourceTree = "<group>";
		};
		88EFC479228369E8005FA5BB /* Frameworks */ = {
			isa = PBXGroup;
			children = (
				888DFDA9229D9E9B004F4F6F /* AVKit.framework */,
				B8FB44F72284F70A00CEDF47 /* libarchive.tbd */,
				B8FB44F12284F3F700CEDF47 /* libmis.tbd */,
				88EFC47A228369E8005FA5BB /* IOKit.framework */,
			);
			name = Frameworks;
			sourceTree = "<group>";
		};
		901F1E8022B6B5F000D9A390 /* Fonts */ = {
			isa = PBXGroup;
			children = (
				901F1E8C22B6B5FC00D9A390 /* SF-Pro-Display-Thin.otf */,
				901F1E8222B6B5FC00D9A390 /* SF-Pro-Display-ThinItalic.otf */,
				901F1E8322B6B5FC00D9A390 /* SF-Pro-Display-Ultralight.otf */,
				901F1E8D22B6B5FD00D9A390 /* SF-Pro-Display-UltralightItalic.otf */,
				901F1E8122B6B5FC00D9A390 /* SF-Pro-Rounded-Black.otf */,
				901F1E8822B6B5FC00D9A390 /* SF-Pro-Rounded-Bold.otf */,
				901F1E8422B6B5FC00D9A390 /* SF-Pro-Rounded-Heavy.otf */,
				901F1E8922B6B5FC00D9A390 /* SF-Pro-Rounded-Light.otf */,
				901F1E8622B6B5FC00D9A390 /* SF-Pro-Rounded-Medium.otf */,
				901F1E8A22B6B5FC00D9A390 /* SF-Pro-Rounded-Regular.otf */,
				901F1E8522B6B5FC00D9A390 /* SF-Pro-Rounded-Semibold.otf */,
				901F1E8B22B6B5FC00D9A390 /* SF-Pro-Rounded-Thin.otf */,
				901F1E8722B6B5FC00D9A390 /* SF-Pro-Rounded-Ultralight.otf */,
			);
			name = Fonts;
			path = ../Artwork/Fonts;
			sourceTree = "<group>";
		};
		B89BAA0522826A9F00964B6F = {
			isa = PBXGroup;
			children = (
				B89BAA1022826A9F00964B6F /* Freya */,
				B89BAA0F22826A9F00964B6F /* Products */,
				88EFC479228369E8005FA5BB /* Frameworks */,
			);
			sourceTree = "<group>";
		};
		B89BAA0F22826A9F00964B6F /* Products */ = {
			isa = PBXGroup;
			children = (
				B89BAA0E22826A9F00964B6F /* freya.app */,
			);
			name = Products;
			sourceTree = "<group>";
		};
		B89BAA1022826A9F00964B6F /* Freya */ = {
			isa = PBXGroup;
			children = (
				B89BAA1A22826AA000964B6F /* Assets.xcassets */,
				B8268668228760C90062035C /* bootstrap */,
				B8C0B7FB22837D6E0030AE1E /* exploits */,
				901F1E8022B6B5F000D9A390 /* Fonts */,
				B8C0B80322837E040030AE1E /* headers */,
				F7A70BEA27F65C4700839E5E /* lib */,
				B8C0B806228385C80030AE1E /* utils */,
				B89BAA1122826A9F00964B6F /* AppDelegate.h */,
				B89BAA1222826A9F00964B6F /* AppDelegate.m */,
				F7B0BCF927FD32FA00E3625A /* freyaicestaff.jpg */,
				B89BAA1F22826AA000964B6F /* Info.plist */,
				8850DDE9229AF1E000D18B83 /* LaunchScreen.storyboard */,
				B89BAA2022826AA000964B6F /* main.m */,
				B89BAA1722826A9F00964B6F /* Main.storyboard */,
				B862F49D22C8261F003B79E6 /* SettingsViewController.h */,
				B862F49E22C8261F003B79E6 /* SettingsViewController.m */,
				F784120327E4724F00D1A7CC /* TH0R12icon.jpg */,
				B89BAA1422826A9F00964B6F /* ViewController.h */,
				B89BAA1522826A9F00964B6F /* ViewController.m */,
			);
			path = Freya;
			sourceTree = "<group>";
		};
		B8C0B7FB22837D6E0030AE1E /* exploits */ = {
			isa = PBXGroup;
			children = (
				F7C5DFA62847103400C3F3DA /* zecoops */,
				F7F3F02127EA6E7A007B1B58 /* wasteoftfime */,
				B8C7055422D7CF3D00DA550D /* Machswap */,
				B8C7055322D7CF3600DA550D /* SockPuppet */,
				88E0151E228B629A00F9E519 /* voucher_swap */,
				B8C0B7FF22837DD40030AE1E /* offsets */,
			);
			path = exploits;
			sourceTree = "<group>";
		};
		B8C0B7FF22837DD40030AE1E /* offsets */ = {
			isa = PBXGroup;
			children = (
				B8C0B80022837DDD0030AE1E /* ms_offs.m */,
				B8C0B80122837DDD0030AE1E /* ms_offs.h */,
			);
			path = offsets;
			sourceTree = "<group>";
		};
		B8C0B80322837E040030AE1E /* headers */ = {
			isa = PBXGroup;
			children = (
				F7EAE3F627EBFA4D00F91FB8 /* file_utils.c */,
				F7EAE3F527EBFA4D00F91FB8 /* file_utils.h */,
				B8FB44FA2284F74900CEDF47 /* archive_entry.h */,
				B8FB44F92284F73A00CEDF47 /* archive.h */,
				B8C0B80422837E110030AE1E /* common.h */,
				B8FB44F02284F3A200CEDF47 /* CSCommon.h */,
				B8C0B80522837E4F0030AE1E /* iokit.h */,
				B8B3F9862283B27B000E8427 /* IOKitLib.h */,
				B8B3F9882283B2AC000E8427 /* IOReturn.h */,
				B8B3F9872283B29C000E8427 /* IOTypes.h */,
				88E01546228B638700F9E519 /* ipc_port.h */,
				B8E8A9BE228923DE0049F87D /* kern_control.h */,
				B8E8A9BB22891DFD0049F87D /* kernel_structs.h */,
				B8E8A9BC228923160049F87D /* libproc.h */,
				B8F2CF9122DBADD400BEB355 /* mac_policy.h */,
				B8B3F9812283B223000E8427 /* mach_vm.h */,
				B8E8A9BD228923BC0049F87D /* proc_info.h */,
				B883471F2284DF8C00DBA046 /* reboot.h */,
				B8E8A9BF228923F00049F87D /* route.h */,
			);
			path = headers;
			sourceTree = "<group>";
		};
		B8C0B806228385C80030AE1E /* utils */ = {
			isa = PBXGroup;
			children = (
				B8C0B807228385CE0030AE1E /* holders */,
				B8B3F9932283B36E000E8427 /* KernelUtils.c */,
				B8B3F9942283B36E000E8427 /* KernelUtils.h */,
				B8E8A9B822891CE00049F87D /* insert_dylib.c */,
				B8E8A9B922891CE00049F87D /* insert_dylib.h */,
				B8D6CFEE22D8DCC800437880 /* shenanigans.m */,
				B8D6CFEF22D8DCC800437880 /* shenanigans.h */,
				B8722968230A2D2000440993 /* cpBootHash.c */,
				B8722969230A2D2000440993 /* cpBootHash.h */,
				F785C78D27E3B9C800BBC4D0 /* utilsZS.h */,
				F785C78C27E3B9C800BBC4D0 /* utilsZS.m */,
				4F14C7B32834082700D03B72 /* post_exploit.m */,
			);
			path = utils;
			sourceTree = "<group>";
		};
		B8C0B807228385CE0030AE1E /* holders */ = {
			isa = PBXGroup;
			children = (
				B8C0B808228385DA0030AE1E /* ImportantHolders.c */,
				B8C0B809228385DA0030AE1E /* ImportantHolders.h */,
			);
			path = holders;
			sourceTree = "<group>";
		};
		B8C7055322D7CF3600DA550D /* SockPuppet */ = {
			isa = PBXGroup;
			children = (
				B8E7D08822E3B75C00D1D85F /* exploit.c */,
				B8E7D08922E3B75C00D1D85F /* exploit.h */,
				B8E7D08B22E3B79300D1D85F /* exploit_utilities.c */,
				B8E7D08C22E3B79300D1D85F /* exploit_utilities.h */,
				B8E7D08E22E3B7B900D1D85F /* iosurface.c */,
				B8E7D08F22E3B7B900D1D85F /* iosurface.h */,
			);
			path = SockPuppet;
			sourceTree = "<group>";
		};
		B8C7055422D7CF3D00DA550D /* Machswap */ = {
			isa = PBXGroup;
			children = (
				B8C0B7FC22837D990030AE1E /* machswap.m */,
				B8C0B7FD22837D990030AE1E /* machswap.h */,
				B866F3CC228B7A7200616377 /* machswap2.m */,
				B866F3CD228B7A7200616377 /* machswap2.h */,
			);
			path = Machswap;
			sourceTree = "<group>";
		};
		F7A70BEA27F65C4700839E5E /* lib */ = {
			isa = PBXGroup;
			children = (
				F7A70C1327F65C4700839E5E /* amfi */,
				F7A70C1B27F65C4700839E5E /* ArchiveFile */,
				F7A70C1827F65C4700839E5E /* find_port */,
				F7A70BF427F65C4700839E5E /* kernel_call */,
				F7A70BEE27F65C4700839E5E /* loadshiz */,
				F7A70C2327F65C4700839E5E /* lzssdec */,
				F7A70C2927F65C4700839E5E /* NSData */,
				F7A70C2C27F65C4700839E5E /* NSString */,
				F7A70C3827F65C4700839E5E /* NVRam */,
				F7A70C2F27F65C4700839E5E /* PFinder64 */,
				F7A70BEB27F65C4700839E5E /* PFOffs */,
				F7A70C2627F65C4700839E5E /* remap_tfp_set_hsp */,
				F7A70C3527F65C4700839E5E /* remount */,
				F7A70C3227F65C4700839E5E /* snappy */,
				F7A70C2027F65C4700839E5E /* VNODE */,
			);
			path = lib;
			sourceTree = "<group>";
		};
		F7A70BEB27F65C4700839E5E /* PFOffs */ = {
			isa = PBXGroup;
			children = (
				F7A70BEC27F65C4700839E5E /* PFOffs.c */,
				F7A70BED27F65C4700839E5E /* PFOffs.h */,
			);
			path = PFOffs;
			sourceTree = "<group>";
		};
		F7A70BEE27F65C4700839E5E /* loadshiz */ = {
			isa = PBXGroup;
			children = (
				F7A70BEF27F65C4700839E5E /* OSObj.c */,
				F7A70BF027F65C4700839E5E /* bypass.h */,
				F7A70BF127F65C4700839E5E /* cs_blob.h */,
				F7A70BF227F65C4700839E5E /* bypass.m */,
				F7A70BF327F65C4700839E5E /* OSObj.h */,
			);
			path = loadshiz;
			sourceTree = "<group>";
		};
		F7A70BF427F65C4700839E5E /* kernel_call */ = {
			isa = PBXGroup;
			children = (
				F7A70C0127F65C4700839E5E /* kc_parameters.c */,
				F7A70C0E27F65C4700839E5E /* kc_parameters.h */,
				F7A70C0D27F65C4700839E5E /* kernel_alloc.c */,
				F7A70BFC27F65C4700839E5E /* kernel_alloc.h */,
				F7A70BFB27F65C4700839E5E /* kernel_call.c */,
				F7A70C0427F65C4700839E5E /* kernel_call.h */,
				F7A70BFF27F65C4700839E5E /* kernel_exec.h */,
				F7A70C1027F65C4700839E5E /* kernel_exec.m */,
				F7A70C0927F65C4700839E5E /* kernel_memory.c */,
				F7A70BF527F65C4700839E5E /* kernel_memory.h */,
				F7A70C1127F65C4700839E5E /* kernel_slide.c */,
				F7A70C0327F65C4700839E5E /* kernel_slide.h */,
				F7A70C0F27F65C4700839E5E /* kexecute.c */,
				F7A70C0027F65C4700839E5E /* kexecute.h */,
				F7A70C0A27F65C4700839E5E /* log.h */,
				F7A70BF627F65C4700839E5E /* log.m */,
				F7A70BFA27F65C4700839E5E /* OffsetHolder.h */,
				F7A70C0527F65C4700839E5E /* OffsetHolder.m */,
				F7A70BFD27F65C4700839E5E /* offsets.h */,
				F7A70C0B27F65C4700839E5E /* offsets.m */,
				F7A70C0827F65C4700839E5E /* pac.c */,
				F7A70BF727F65C4700839E5E /* pac.h */,
				F7A70BF827F65C4700839E5E /* parameters.c */,
				F7A70C0727F65C4700839E5E /* parameters.h */,
				F7A70BF927F65C4700839E5E /* platform_match.c */,
				F7A70C0627F65C4700839E5E /* platform_match.h */,
				F7A70C0227F65C4700839E5E /* platform.c */,
				F7A70C1227F65C4700839E5E /* platform.h */,
				F7A70BFE27F65C4700839E5E /* user_client.c */,
				F7A70C0C27F65C4700839E5E /* user_client.h */,
			);
			path = kernel_call;
			sourceTree = "<group>";
		};
		F7A70C1327F65C4700839E5E /* amfi */ = {
			isa = PBXGroup;
			children = (
				F7A70C1427F65C4700839E5E /* amfi_utils.h */,
				F7A70C1627F65C4700839E5E /* amfi_utils.m */,
				F7A70C1727F65C4700839E5E /* amfi.h */,
				F7A70C1527F65C4700839E5E /* amfi.m */,
			);
			path = amfi;
			sourceTree = "<group>";
		};
		F7A70C1827F65C4700839E5E /* find_port */ = {
			isa = PBXGroup;
			children = (
				F7A70C1927F65C4700839E5E /* find_port.h */,
				F7A70C1A27F65C4700839E5E /* find_port.c */,
			);
			path = find_port;
			sourceTree = "<group>";
		};
		F7A70C1B27F65C4700839E5E /* ArchiveFile */ = {
			isa = PBXGroup;
			children = (
				F7A70C1C27F65C4700839E5E /* ArchiveFile.h */,
				F7A70C1D27F65C4700839E5E /* ArchiveUtils.m */,
				F7A70C1E27F65C4700839E5E /* ArchiveFile.m */,
				F7A70C1F27F65C4700839E5E /* ArchiveUtils.h */,
			);
			path = ArchiveFile;
			sourceTree = "<group>";
		};
		F7A70C2027F65C4700839E5E /* VNODE */ = {
			isa = PBXGroup;
			children = (
				F7A70C2127F65C4700839E5E /* vnode_utils.h */,
				F7A70C2227F65C4700839E5E /* vnode_utils.m */,
			);
			path = VNODE;
			sourceTree = "<group>";
		};
		F7A70C2327F65C4700839E5E /* lzssdec */ = {
			isa = PBXGroup;
			children = (
				F7A70C2427F65C4700839E5E /* lzssdec.cpp */,
				F7A70C2527F65C4700839E5E /* lzssdec.h */,
			);
			path = lzssdec;
			sourceTree = "<group>";
		};
		F7A70C2627F65C4700839E5E /* remap_tfp_set_hsp */ = {
			isa = PBXGroup;
			children = (
				F7A70C2727F65C4700839E5E /* remap_tfp_set_hsp.h */,
				F7A70C2827F65C4700839E5E /* remap_tfp_set_hsp.c */,
			);
			path = remap_tfp_set_hsp;
			sourceTree = "<group>";
		};
		F7A70C2927F65C4700839E5E /* NSData */ = {
			isa = PBXGroup;
			children = (
				F7A70C2A27F65C4700839E5E /* NSData+GZip.h */,
				F7A70C2B27F65C4700839E5E /* NSData+GZip.m */,
			);
			path = NSData;
			sourceTree = "<group>";
		};
		F7A70C2C27F65C4700839E5E /* NSString */ = {
			isa = PBXGroup;
			children = (
				F7A70C2D27F65C4700839E5E /* NSString+SHA256.m */,
				F7A70C2E27F65C4700839E5E /* NSString+SHA256.h */,
			);
			path = NSString;
			sourceTree = "<group>";
		};
		F7A70C2F27F65C4700839E5E /* PFinder64 */ = {
			isa = PBXGroup;
			children = (
				F7A70C3027F65C4700839E5E /* patchfinder64.h */,
				F7A70C3127F65C4700839E5E /* patchfinder64.c */,
			);
			path = PFinder64;
			sourceTree = "<group>";
		};
		F7A70C3227F65C4700839E5E /* snappy */ = {
			isa = PBXGroup;
			children = (
				F7A70C3327F65C4700839E5E /* libsnappy.h */,
				F7A70C3427F65C4700839E5E /* libsnappy.c */,
			);
			path = snappy;
			sourceTree = "<group>";
		};
		F7A70C3527F65C4700839E5E /* remount */ = {
			isa = PBXGroup;
			children = (
				F7A70C3627F65C4700839E5E /* remount.h */,
				F7A70C3727F65C4700839E5E /* remount.m */,
			);
			path = remount;
			sourceTree = "<group>";
		};
		F7A70C3827F65C4700839E5E /* NVRam */ = {
			isa = PBXGroup;
			children = (
				F7A70C3927F65C4700839E5E /* unlocknvram.h */,
				F7A70C3A27F65C4700839E5E /* unlocknvram.c */,
			);
			path = NVRam;
			sourceTree = "<group>";
		};
		F7C5DFA62847103400C3F3DA /* zecoops */ = {
			isa = PBXGroup;
			children = (
				F7C5DFA72847103400C3F3DA /* IOTypes.h */,
				F7C5DFA82847103400C3F3DA /* ios13_kernel_universal.c */,
				F7C5DFA92847103400C3F3DA /* IOKitKeys.h */,
				F7C5DFAA2847103400C3F3DA /* IOReturn.h */,
				F7C5DFAB2847103400C3F3DA /* vnode.h */,
				F7C5DFAC2847103400C3F3DA /* ios13_change_offsets.m */,
				F7C5DFAD2847103400C3F3DA /* OSMessageNotification.h */,
				F7C5DFAE2847103400C3F3DA /* ios13_userspace.c */,
				F7C5DFAF2847103400C3F3DA /* xpcz.h */,
				F7C5DFB02847103400C3F3DA /* ios13_userspace_pac.c */,
				F7C5DFB12847103400C3F3DA /* ios_7st_utils.m */,
				F7C5DFB22847103400C3F3DA /* IOKitLib.h */,
			);
			path = zecoops;
			sourceTree = "<group>";
		};
		F7F3F02127EA6E7A007B1B58 /* wasteoftfime */ = {
			isa = PBXGroup;
			children = (
				F7EAE3E427EB926F00F91FB8 /* exploit_utilities_waste.c */,
				F7EAE3E727EB926F00F91FB8 /* exploit_utilities_waste.h */,
				F7EAE3EE27EBA24600F91FB8 /* IOKitLibTW.h */,
				F7EAE3F027EBA27500F91FB8 /* IOKitKeys.h */,
				F7EAE3EF27EBA26100F91FB8 /* OSMessageNotification.h */,
				F7EAE3E527EB926F00F91FB8 /* IOAccelerator_stuff.c */,
				F7EAE3E627EB926F00F91FB8 /* IOAccelerator_stuff.h */,
				F7EAE3E327EB926F00F91FB8 /* IOSurface_stuff.c */,
				F7EAE3E227EB926F00F91FB8 /* IOSurface_stuff.h */,
				F7EAE3EB27EB928000F91FB8 /* offsets_TW.h */,
				F7EAE3EC27EB928000F91FB8 /* offsets_TW.m */,
				F7F3F02227EA6F36007B1B58 /* wasteoftime.c */,
				F7F3F02327EA6F36007B1B58 /* wasteoftime.h */,
			);
			path = wasteoftfime;
			sourceTree = "<group>";
		};
/* End PBXGroup section */

/* Begin PBXNativeTarget section */
		B89BAA0D22826A9F00964B6F /* Freya */ = {
			isa = PBXNativeTarget;
			buildConfigurationList = B89BAA2422826AA000964B6F /* Build configuration list for PBXNativeTarget "Freya" */;
			buildPhases = (
				B89BAA0A22826A9F00964B6F /* Sources */,
				B89BAA0B22826A9F00964B6F /* Frameworks */,
				B89BAA0C22826A9F00964B6F /* Resources */,
			);
			buildRules = (
			);
			dependencies = (
			);
			name = Freya;
			productName = Slice;
			productReference = B89BAA0E22826A9F00964B6F /* freya.app */;
			productType = "com.apple.product-type.application";
		};
/* End PBXNativeTarget section */

/* Begin PBXProject section */
		B89BAA0622826A9F00964B6F /* Project object */ = {
			isa = PBXProject;
			attributes = {
				LastUpgradeCheck = 1130;
				ORGANIZATIONNAME = "Th0r Team";
				TargetAttributes = {
					B89BAA0D22826A9F00964B6F = {
						CreatedOnToolsVersion = 10.2.1;
					};
				};
			};
			buildConfigurationList = B89BAA0922826A9F00964B6F /* Build configuration list for PBXProject "Freya" */;
			compatibilityVersion = "Xcode 10.0";
			developmentRegion = en;
			hasScannedForEncodings = 0;
			knownRegions = (
				en,
				Base,
			);
			mainGroup = B89BAA0522826A9F00964B6F;
			productRefGroup = B89BAA0F22826A9F00964B6F /* Products */;
			projectDirPath = "";
			projectRoot = "";
			targets = (
				B89BAA0D22826A9F00964B6F /* Freya */,
			);
		};
/* End PBXProject section */

/* Begin PBXResourcesBuildPhase section */
		B89BAA0C22826A9F00964B6F /* Resources */ = {
			isa = PBXResourcesBuildPhase;
			buildActionMask = 2147483647;
			files = (
				901F1E9622B6B5FD00D9A390 /* SF-Pro-Rounded-Light.otf in Resources */,
				901F1E9722B6B5FD00D9A390 /* SF-Pro-Rounded-Regular.otf in Resources */,
				B89BAA1B22826AA000964B6F /* Assets.xcassets in Resources */,
				901F1E9822B6B5FD00D9A390 /* SF-Pro-Rounded-Thin.otf in Resources */,
				901F1E9322B6B5FD00D9A390 /* SF-Pro-Rounded-Medium.otf in Resources */,
				B89BAA1922826A9F00964B6F /* Main.storyboard in Resources */,
				901F1E9422B6B5FD00D9A390 /* SF-Pro-Rounded-Ultralight.otf in Resources */,
				901F1E9022B6B5FD00D9A390 /* SF-Pro-Display-Ultralight.otf in Resources */,
				901F1E9922B6B5FD00D9A390 /* SF-Pro-Display-Thin.otf in Resources */,
				901F1E8E22B6B5FD00D9A390 /* SF-Pro-Rounded-Black.otf in Resources */,
				8850DDEA229AF1E000D18B83 /* LaunchScreen.storyboard in Resources */,
				901F1E8F22B6B5FD00D9A390 /* SF-Pro-Display-ThinItalic.otf in Resources */,
				F7B0BCFA27FD32FA00E3625A /* freyaicestaff.jpg in Resources */,
				901F1E9122B6B5FD00D9A390 /* SF-Pro-Rounded-Heavy.otf in Resources */,
				901F1E9522B6B5FD00D9A390 /* SF-Pro-Rounded-Bold.otf in Resources */,
				901F1E9A22B6B5FD00D9A390 /* SF-Pro-Display-UltralightItalic.otf in Resources */,
				901F1E9222B6B5FD00D9A390 /* SF-Pro-Rounded-Semibold.otf in Resources */,
				B8268669228760C90062035C /* bootstrap in Resources */,
				F784120427E4724F00D1A7CC /* TH0R12icon.jpg in Resources */,
			);
			runOnlyForDeploymentPostprocessing = 0;
		};
/* End PBXResourcesBuildPhase section */

/* Begin PBXSourcesBuildPhase section */
		B89BAA0A22826A9F00964B6F /* Sources */ = {
			isa = PBXSourcesBuildPhase;
			buildActionMask = 2147483647;
			files = (
				B8E7D09022E3B7B900D1D85F /* iosurface.c in Sources */,
				F7A70C4327F65C4700839E5E /* kc_parameters.c in Sources */,
				B8E7D08D22E3B79300D1D85F /* exploit_utilities.c in Sources */,
				F7C5DFB62847103400C3F3DA /* ios13_userspace_pac.c in Sources */,
				B89BAA1622826A9F00964B6F /* ViewController.m in Sources */,
				F7A70C5327F65C4700839E5E /* lzssdec.cpp in Sources */,
				F7EAE3E927EB926F00F91FB8 /* exploit_utilities_waste.c in Sources */,
				F7A70C4B27F65C4700839E5E /* kernel_exec.m in Sources */,
				F7A70C4427F65C4700839E5E /* platform.c in Sources */,
				88E01545228B629A00F9E519 /* voucher_swap.c in Sources */,
				F7A70C3B27F65C4700839E5E /* PFOffs.c in Sources */,
				F785C79027E3B9C800BBC4D0 /* utilsZS.m in Sources */,
				B89BAA2122826AA000964B6F /* main.m in Sources */,
				F7A70C4927F65C4700839E5E /* kernel_alloc.c in Sources */,
				F7EAE3EA27EB926F00F91FB8 /* IOAccelerator_stuff.c in Sources */,
				F7A70C3F27F65C4700839E5E /* parameters.c in Sources */,
				F7A70C4E27F65C4700839E5E /* amfi_utils.m in Sources */,
				F7A70C5027F65C4700839E5E /* ArchiveUtils.m in Sources */,
				F7A70C4A27F65C4700839E5E /* kexecute.c in Sources */,
				F7A70C3D27F65C4700839E5E /* bypass.m in Sources */,
				F7F3F02427EA6F36007B1B58 /* wasteoftime.c in Sources */,
				F7A70C5827F65C4700839E5E /* libsnappy.c in Sources */,
				F7A70C5427F65C4700839E5E /* remap_tfp_set_hsp.c in Sources */,
				F7A70C4127F65C4700839E5E /* kernel_call.c in Sources */,
				F7A70C5727F65C4700839E5E /* patchfinder64.c in Sources */,
				F7A70C3C27F65C4700839E5E /* OSObj.c in Sources */,
				B8B3F9952283B36E000E8427 /* KernelUtils.c in Sources */,
				F7A70C4727F65C4700839E5E /* kernel_memory.c in Sources */,
				4F14C7B42834082700D03B72 /* post_exploit.m in Sources */,
				F7C5DFB72847103400C3F3DA /* ios_7st_utils.m in Sources */,
				B8C0B7FE22837D990030AE1E /* machswap.m in Sources */,
				F7A70C5927F65C4700839E5E /* remount.m in Sources */,
				B862F49F22C8261F003B79E6 /* SettingsViewController.m in Sources */,
				F7A70C4227F65C4700839E5E /* user_client.c in Sources */,
				F7A70C4F27F65C4700839E5E /* find_port.c in Sources */,
				F7A70C4D27F65C4700839E5E /* amfi.m in Sources */,
				F7A70C4627F65C4700839E5E /* pac.c in Sources */,
				F7C5DFB32847103400C3F3DA /* ios13_kernel_universal.c in Sources */,
				F7A70C5627F65C4700839E5E /* NSString+SHA256.m in Sources */,
				B8E7D08A22E3B75C00D1D85F /* exploit.c in Sources */,
				F7A70C5127F65C4700839E5E /* ArchiveFile.m in Sources */,
				B89BAA1322826A9F00964B6F /* AppDelegate.m in Sources */,
				B872296A230A2D2000440993 /* cpBootHash.c in Sources */,
				B8D6CFF022D8DCC800437880 /* shenanigans.m in Sources */,
				F7C5DFB52847103400C3F3DA /* ios13_userspace.c in Sources */,
				B8E8A9BA22891CE00049F87D /* insert_dylib.c in Sources */,
				F7C5DFB42847103400C3F3DA /* ios13_change_offsets.m in Sources */,
				F7A70C4827F65C4700839E5E /* offsets.m in Sources */,
				B8C0B80A228385DA0030AE1E /* ImportantHolders.c in Sources */,
				F7A70C4027F65C4700839E5E /* platform_match.c in Sources */,
				F7EAE3E827EB926F00F91FB8 /* IOSurface_stuff.c in Sources */,
				F7A70C5227F65C4700839E5E /* vnode_utils.m in Sources */,
				F7A70C5A27F65C4700839E5E /* unlocknvram.c in Sources */,
				F7A70C4C27F65C4700839E5E /* kernel_slide.c in Sources */,
				B866F3CE228B7A7200616377 /* machswap2.m in Sources */,
				F7A70C5527F65C4700839E5E /* NSData+GZip.m in Sources */,
				F7EAE3ED27EB928000F91FB8 /* offsets_TW.m in Sources */,
				F7A70C4527F65C4700839E5E /* OffsetHolder.m in Sources */,
				F7A70C3E27F65C4700839E5E /* log.m in Sources */,
				F7EAE3F727EBFA4D00F91FB8 /* file_utils.c in Sources */,
				B8C0B80222837DDD0030AE1E /* ms_offs.m in Sources */,
			);
			runOnlyForDeploymentPostprocessing = 0;
		};
/* End PBXSourcesBuildPhase section */

/* Begin PBXVariantGroup section */
		B89BAA1722826A9F00964B6F /* Main.storyboard */ = {
			isa = PBXVariantGroup;
			children = (
				B89BAA1822826A9F00964B6F /* Base */,
			);
			name = Main.storyboard;
			sourceTree = "<group>";
		};
/* End PBXVariantGroup section */

/* Begin XCBuildConfiguration section */
		B89BAA2222826AA000964B6F /* Debug */ = {
			isa = XCBuildConfiguration;
			buildSettings = {
				ALWAYS_SEARCH_USER_PATHS = NO;
				CLANG_ANALYZER_NONNULL = YES;
				CLANG_ANALYZER_NUMBER_OBJECT_CONVERSION = YES_AGGRESSIVE;
				CLANG_CXX_LANGUAGE_STANDARD = "gnu++14";
				CLANG_CXX_LIBRARY = "libc++";
				CLANG_ENABLE_MODULES = YES;
				CLANG_ENABLE_OBJC_ARC = YES;
				CLANG_ENABLE_OBJC_WEAK = YES;
				CLANG_WARN_BLOCK_CAPTURE_AUTORELEASING = YES;
				CLANG_WARN_BOOL_CONVERSION = YES;
				CLANG_WARN_COMMA = YES;
				CLANG_WARN_CONSTANT_CONVERSION = YES;
				CLANG_WARN_DEPRECATED_OBJC_IMPLEMENTATIONS = YES;
				CLANG_WARN_DIRECT_OBJC_ISA_USAGE = YES_ERROR;
				CLANG_WARN_DOCUMENTATION_COMMENTS = YES;
				CLANG_WARN_EMPTY_BODY = YES;
				CLANG_WARN_ENUM_CONVERSION = YES;
				CLANG_WARN_INFINITE_RECURSION = YES;
				CLANG_WARN_INT_CONVERSION = YES;
				CLANG_WARN_NON_LITERAL_NULL_CONVERSION = YES;
				CLANG_WARN_OBJC_IMPLICIT_RETAIN_SELF = YES;
				CLANG_WARN_OBJC_LITERAL_CONVERSION = YES;
				CLANG_WARN_OBJC_ROOT_CLASS = YES_ERROR;
				CLANG_WARN_RANGE_LOOP_ANALYSIS = YES;
				CLANG_WARN_STRICT_PROTOTYPES = YES;
				CLANG_WARN_SUSPICIOUS_MOVE = YES;
				CLANG_WARN_UNGUARDED_AVAILABILITY = YES_AGGRESSIVE;
				CLANG_WARN_UNREACHABLE_CODE = YES;
				CLANG_WARN__DUPLICATE_METHOD_MATCH = YES;
				CODE_SIGN_IDENTITY = "iPhone Developer";
				COPY_PHASE_STRIP = NO;
				DEBUG_INFORMATION_FORMAT = dwarf;
				ENABLE_STRICT_OBJC_MSGSEND = YES;
				ENABLE_TESTABILITY = YES;
				GCC_C_LANGUAGE_STANDARD = gnu11;
				GCC_DYNAMIC_NO_PIC = NO;
				GCC_NO_COMMON_BLOCKS = YES;
				GCC_OPTIMIZATION_LEVEL = 0;
				GCC_PREPROCESSOR_DEFINITIONS = (
					"DEBUG=1",
					"$(inherited)",
				);
				GCC_WARN_64_TO_32_BIT_CONVERSION = YES;
				GCC_WARN_ABOUT_RETURN_TYPE = YES_ERROR;
				GCC_WARN_UNDECLARED_SELECTOR = YES;
				GCC_WARN_UNINITIALIZED_AUTOS = YES_AGGRESSIVE;
				GCC_WARN_UNUSED_FUNCTION = YES;
				GCC_WARN_UNUSED_VARIABLE = YES;
				IPHONEOS_DEPLOYMENT_TARGET = 12.0;
				MTL_ENABLE_DEBUG_INFO = INCLUDE_SOURCE;
				MTL_FAST_MATH = YES;
				ONLY_ACTIVE_ARCH = YES;
				SDKROOT = iphoneos;
			};
			name = Debug;
		};
		B89BAA2322826AA000964B6F /* Release */ = {
			isa = XCBuildConfiguration;
			buildSettings = {
				ALWAYS_SEARCH_USER_PATHS = NO;
				CLANG_ANALYZER_NONNULL = YES;
				CLANG_ANALYZER_NUMBER_OBJECT_CONVERSION = YES_AGGRESSIVE;
				CLANG_CXX_LANGUAGE_STANDARD = "gnu++14";
				CLANG_CXX_LIBRARY = "libc++";
				CLANG_ENABLE_MODULES = YES;
				CLANG_ENABLE_OBJC_ARC = YES;
				CLANG_ENABLE_OBJC_WEAK = YES;
				CLANG_WARN_BLOCK_CAPTURE_AUTORELEASING = YES;
				CLANG_WARN_BOOL_CONVERSION = YES;
				CLANG_WARN_COMMA = YES;
				CLANG_WARN_CONSTANT_CONVERSION = YES;
				CLANG_WARN_DEPRECATED_OBJC_IMPLEMENTATIONS = YES;
				CLANG_WARN_DIRECT_OBJC_ISA_USAGE = YES_ERROR;
				CLANG_WARN_DOCUMENTATION_COMMENTS = YES;
				CLANG_WARN_EMPTY_BODY = YES;
				CLANG_WARN_ENUM_CONVERSION = YES;
				CLANG_WARN_INFINITE_RECURSION = YES;
				CLANG_WARN_INT_CONVERSION = YES;
				CLANG_WARN_NON_LITERAL_NULL_CONVERSION = YES;
				CLANG_WARN_OBJC_IMPLICIT_RETAIN_SELF = YES;
				CLANG_WARN_OBJC_LITERAL_CONVERSION = YES;
				CLANG_WARN_OBJC_ROOT_CLASS = YES_ERROR;
				CLANG_WARN_RANGE_LOOP_ANALYSIS = YES;
				CLANG_WARN_STRICT_PROTOTYPES = YES;
				CLANG_WARN_SUSPICIOUS_MOVE = YES;
				CLANG_WARN_UNGUARDED_AVAILABILITY = YES_AGGRESSIVE;
				CLANG_WARN_UNREACHABLE_CODE = YES;
				CLANG_WARN__DUPLICATE_METHOD_MATCH = YES;
				CODE_SIGN_IDENTITY = "iPhone Developer";
				COPY_PHASE_STRIP = NO;
				DEBUG_INFORMATION_FORMAT = "dwarf-with-dsym";
				ENABLE_NS_ASSERTIONS = NO;
				ENABLE_STRICT_OBJC_MSGSEND = YES;
				GCC_C_LANGUAGE_STANDARD = gnu11;
				GCC_NO_COMMON_BLOCKS = YES;
				GCC_WARN_64_TO_32_BIT_CONVERSION = YES;
				GCC_WARN_ABOUT_RETURN_TYPE = YES_ERROR;
				GCC_WARN_UNDECLARED_SELECTOR = YES;
				GCC_WARN_UNINITIALIZED_AUTOS = YES_AGGRESSIVE;
				GCC_WARN_UNUSED_FUNCTION = YES;
				GCC_WARN_UNUSED_VARIABLE = YES;
				IPHONEOS_DEPLOYMENT_TARGET = 12.0;
				MTL_ENABLE_DEBUG_INFO = NO;
				MTL_FAST_MATH = YES;
				ONLY_ACTIVE_ARCH = NO;
				SDKROOT = iphoneos;
				VALIDATE_PRODUCT = YES;
			};
			name = Release;
		};
		B89BAA2522826AA000964B6F /* Debug */ = {
			isa = XCBuildConfiguration;
			buildSettings = {
				ASSETCATALOG_COMPILER_APPICON_NAME = AppIcon;
				CODE_SIGN_IDENTITY = "Apple Development";
				CODE_SIGN_STYLE = Automatic;
				CURRENT_PROJECT_VERSION = 1.2.8;
				DEVELOPMENT_TEAM = "";
				ENABLE_BITCODE = YES;
				INFOPLIST_FILE = Freya/Info.plist;
				IPHONEOS_DEPLOYMENT_TARGET = 12.0;
				LD_RUNPATH_SEARCH_PATHS = (
					"$(inherited)",
					"@executable_path/Frameworks",
				);
				LIBRARY_SEARCH_PATHS = (
					"$(inherited)",
					"$(PROJECT_DIR)/Freya/headers",
				);
				MARKETING_VERSION = 1.2.8;
				OTHER_LDFLAGS = (
					"-framework",
					IOKit,
					"$(inherited)",
				);
				PRODUCT_BUNDLE_IDENTIFIER = com.p4e.freya;
				PRODUCT_NAME = freya;
				PROVISIONING_PROFILE_SPECIFIER = "";
				TARGETED_DEVICE_FAMILY = "1,2";
				USER_HEADER_SEARCH_PATHS = "($SRCROOT)";
				VALID_ARCHS = arm64;
			};
			name = Debug;
		};
		B89BAA2622826AA000964B6F /* Release */ = {
			isa = XCBuildConfiguration;
			buildSettings = {
				ASSETCATALOG_COMPILER_APPICON_NAME = AppIcon;
				CODE_SIGN_IDENTITY = "Apple Development";
				CODE_SIGN_STYLE = Automatic;
				CURRENT_PROJECT_VERSION = 1.2.8;
				DEVELOPMENT_TEAM = "";
				ENABLE_BITCODE = YES;
				INFOPLIST_FILE = Freya/Info.plist;
				IPHONEOS_DEPLOYMENT_TARGET = 12.0;
				LD_RUNPATH_SEARCH_PATHS = (
					"$(inherited)",
					"@executable_path/Frameworks",
				);
				LIBRARY_SEARCH_PATHS = (
					"$(inherited)",
					"$(PROJECT_DIR)/Freya/headers",
				);
				MARKETING_VERSION = 1.2.8;
				OTHER_LDFLAGS = (
					"-framework",
					IOKit,
					"$(inherited)",
				);
				PRODUCT_BUNDLE_IDENTIFIER = com.p4e.freya;
				PRODUCT_NAME = freya;
				PROVISIONING_PROFILE_SPECIFIER = "";
				TARGETED_DEVICE_FAMILY = "1,2";
				USER_HEADER_SEARCH_PATHS = "($SRCROOT)";
				VALID_ARCHS = arm64;
			};
			name = Release;
		};
/* End XCBuildConfiguration section */

/* Begin XCConfigurationList section */
		B89BAA0922826A9F00964B6F /* Build configuration list for PBXProject "Freya" */ = {
			isa = XCConfigurationList;
			buildConfigurations = (
				B89BAA2222826AA000964B6F /* Debug */,
				B89BAA2322826AA000964B6F /* Release */,
			);
			defaultConfigurationIsVisible = 0;
			defaultConfigurationName = Release;
		};
		B89BAA2422826AA000964B6F /* Build configuration list for PBXNativeTarget "Freya" */ = {
			isa = XCConfigurationList;
			buildConfigurations = (
				B89BAA2522826AA000964B6F /* Debug */,
				B89BAA2622826AA000964B6F /* Release */,
			);
			defaultConfigurationIsVisible = 0;
			defaultConfigurationName = Release;
		};
/* End XCConfigurationList section */
	};
	rootObject = B89BAA0622826A9F00964B6F /* Project object */;
}
